
Microsoft Visual Studio Solution File, Format Version 12.00
# Visual Studio 15
Project("{FAE04EC0-301F-11D3-BF4B-00C04F79EFBC}") = "Unity.Timeline", "Unity.Timeline.csproj", "{46D87244-CAE0-C5D6-9C07-B5196F0AD908}"
EndProject
Project("{FAE04EC0-301F-11D3-BF4B-00C04F79EFBC}") = "Unity.Timeline.Editor", "Unity.Timeline.Editor.csproj", "{877EA175-A556-4D32-6FC3-CDC19B509F2F}"
EndProject
Project("{FAE04EC0-301F-11D3-BF4B-00C04F79EFBC}") = "Unity.2D.Tilemap.Editor", "Unity.2D.Tilemap.Editor.csproj", "{F86F5EFB-5E25-FB0B-CDFC-5BDDF98FD6BC}"
EndProject
Project("{FAE04EC0-301F-11D3-BF4B-00C04F79EFBC}") = "Unity.TextMeshPro.Editor", "Unity.TextMeshPro.Editor.csproj", "{E220F2D6-E8F3-8DF0-A798-3D61E92281D4}"
EndProject
Project("{FAE04EC0-301F-11D3-BF4B-00C04F79EFBC}") = "Unity.2D.Aseprite.Editor", "Unity.2D.Aseprite.Editor.csproj", "{67F03505-AA59-ADD0-12E4-AAC042C516E1}"
EndProject
Project("{FAE04EC0-301F-11D3-BF4B-00C04F79EFBC}") = "Unity.VisualScripting.Flow", "Unity.VisualScripting.Flow.csproj", "{76E98269-B2F6-FB90-93BD-2C69C6FE0306}"
EndProject
Project("{FAE04EC0-301F-11D3-BF4B-00C04F79EFBC}") = "UnityEditor.UI", "UnityEditor.UI.csproj", "{A9B35975-1292-5B4E-E5C4-F10315A3A277}"
EndProject
Project("{FAE04EC0-301F-11D3-BF4B-00C04F79EFBC}") = "Unity.PlasticSCM.Editor", "Unity.PlasticSCM.Editor.csproj", "{F068660D-A25A-394C-B516-83EA715CA784}"
EndProject
Project("{FAE04EC0-301F-11D3-BF4B-00C04F79EFBC}") = "Unity.2D.Psdimporter.Editor", "Unity.2D.Psdimporter.Editor.csproj", "{D000F248-4693-E2ED-88B8-776429080804}"
EndProject
Project("{FAE04EC0-301F-11D3-BF4B-00C04F79EFBC}") = "Unity.VisualScripting.Core", "Unity.VisualScripting.Core.csproj", "{558353AD-11AC-F9B7-953C-B2DAB1CBF3C0}"
EndProject
Project("{FAE04EC0-301F-11D3-BF4B-00C04F79EFBC}") = "Unity.Mathematics", "Unity.Mathematics.csproj", "{26470A32-B598-50E9-DA7E-2281F648B087}"
EndProject
Project("{FAE04EC0-301F-11D3-BF4B-00C04F79EFBC}") = "Unity.2D.Animation.Editor", "Unity.2D.Animation.Editor.csproj", "{DADD4796-E4C0-C613-C6FA-87418AE0D696}"
EndProject
Project("{FAE04EC0-301F-11D3-BF4B-00C04F79EFBC}") = "Unity.2D.Common.Path.Editor", "Unity.2D.Common.Path.Editor.csproj", "{274F08B9-2AAC-6628-FFF5-134C2866F136}"
EndProject
Project("{FAE04EC0-301F-11D3-BF4B-00C04F79EFBC}") = "Unity.VisualScripting.Core.Editor", "Unity.VisualScripting.Core.Editor.csproj", "{09C2B3E1-F479-12FC-89B2-70BC2FA7061A}"
EndProject
Project("{FAE04EC0-301F-11D3-BF4B-00C04F79EFBC}") = "Unity.2D.IK.Runtime", "Unity.2D.IK.Runtime.csproj", "{73782B00-AE09-7236-1E74-EFA099C90633}"
EndProject
Project("{FAE04EC0-301F-11D3-BF4B-00C04F79EFBC}") = "Unity.VisualScripting.Flow.Editor", "Unity.VisualScripting.Flow.Editor.csproj", "{A850CA82-8828-CAAE-F80A-0EC2C0464A31}"
EndProject
Project("{FAE04EC0-301F-11D3-BF4B-00C04F79EFBC}") = "UnityEditor.TestRunner", "UnityEditor.TestRunner.csproj", "{B5E2EA4A-7A86-82DB-1234-8FECBF2523AE}"
EndProject
Project("{FAE04EC0-301F-11D3-BF4B-00C04F79EFBC}") = "Assembly-CSharp", "Assembly-CSharp.csproj", "{311F2DB4-3CC5-CEEA-1CF0-56BFE5704393}"
EndProject
Project("{FAE04EC0-301F-11D3-BF4B-00C04F79EFBC}") = "Unity.VisualScripting.SettingsProvider.Editor", "Unity.VisualScripting.SettingsProvider.Editor.csproj", "{7C7F640C-42C1-043D-BCD4-0D403B0FED21}"
EndProject
Project("{FAE04EC0-301F-11D3-BF4B-00C04F79EFBC}") = "UnityEngine.TestRunner", "UnityEngine.TestRunner.csproj", "{BB7E8FEA-093F-FF40-664A-5862DEF59D38}"
EndProject
Project("{FAE04EC0-301F-11D3-BF4B-00C04F79EFBC}") = "PsdPlugin", "PsdPlugin.csproj", "{4B78669E-3CDF-6F8C-41B4-02138DEA829C}"
EndProject
Project("{FAE04EC0-301F-11D3-BF4B-00C04F79EFBC}") = "Unity.Burst", "Unity.Burst.csproj", "{9AD88FBE-D2F1-36B4-9EA2-9B0D3471DF36}"
EndProject
Project("{FAE04EC0-301F-11D3-BF4B-00C04F79EFBC}") = "UnityEngine.UI", "UnityEngine.UI.csproj", "{1C8AB63F-1B11-58B8-FA12-462A7FC6BFAF}"
EndProject
Project("{FAE04EC0-301F-11D3-BF4B-00C04F79EFBC}") = "Unity.AI.Navigation.Editor", "Unity.AI.Navigation.Editor.csproj", "{BAD6BE22-8525-D8F4-A225-784F4DF2C356}"
EndProject
Project("{FAE04EC0-301F-11D3-BF4B-00C04F79EFBC}") = "Unity.2D.SpriteShape.Editor", "Unity.2D.SpriteShape.Editor.csproj", "{4F17C4CD-8DE6-27FB-44C7-693DE4CF0BC7}"
EndProject
Project("{FAE04EC0-301F-11D3-BF4B-00C04F79EFBC}") = "Unity.Collections", "Unity.Collections.csproj", "{B1C46802-EEE9-92A8-5E9D-CEA6910A4E27}"
EndProject
Project("{FAE04EC0-301F-11D3-BF4B-00C04F79EFBC}") = "Unity.VisualStudio.Editor", "Unity.VisualStudio.Editor.csproj", "{C11A0027-ECDA-7BBE-E113-FD32E713E08E}"
EndProject
Project("{FAE04EC0-301F-11D3-BF4B-00C04F79EFBC}") = "Unity.2D.Tilemap.Extras.Editor", "Unity.2D.Tilemap.Extras.Editor.csproj", "{1039FE21-EDE6-C0EF-C6E5-DC1F404F68F1}"
EndProject
Project("{FAE04EC0-301F-11D3-BF4B-00C04F79EFBC}") = "Unity.Rider.Editor", "Unity.Rider.Editor.csproj", "{421C82E9-C7E1-A82B-B966-CB6B6053379D}"
EndProject
Project("{FAE04EC0-301F-11D3-BF4B-00C04F79EFBC}") = "Unity.Postprocessing.Runtime", "Unity.Postprocessing.Runtime.csproj", "{652C67A8-EAC9-07F5-074C-C55518F48FA1}"
EndProject
Project("{FAE04EC0-301F-11D3-BF4B-00C04F79EFBC}") = "Unity.InternalAPIEditorBridge.001", "Unity.InternalAPIEditorBridge.001.csproj", "{21A6D7D3-4D16-D8C2-4715-DF280D267337}"
EndProject
Project("{FAE04EC0-301F-11D3-BF4B-00C04F79EFBC}") = "Unity.2D.SpriteShape.Runtime", "Unity.2D.SpriteShape.Runtime.csproj", "{3BAA1031-DB99-C8EB-541A-60DA84D54FA1}"
EndProject
Project("{FAE04EC0-301F-11D3-BF4B-00C04F79EFBC}") = "Unity.AI.Navigation", "Unity.AI.Navigation.csproj", "{B65B4756-126A-C68E-9513-228B16A38D08}"
EndProject
Project("{FAE04EC0-301F-11D3-BF4B-00C04F79EFBC}") = "Unity.AI.Navigation.Editor.ConversionSystem", "Unity.AI.Navigation.Editor.ConversionSystem.csproj", "{95D9EF05-AC77-6641-277D-E4E91E09244A}"
EndProject
Project("{FAE04EC0-301F-11D3-BF4B-00C04F79EFBC}") = "Unity.VisualScripting.State.Editor", "Unity.VisualScripting.State.Editor.csproj", "{325CDF2D-C3EE-9C59-CDA7-750A7A626F43}"
EndProject
Project("{FAE04EC0-301F-11D3-BF4B-00C04F79EFBC}") = "Unity.2D.Animation.Runtime", "Unity.2D.Animation.Runtime.csproj", "{B37B10F0-C3A8-D392-F33B-CEFE510C3185}"
EndProject
Project("{FAE04EC0-301F-11D3-BF4B-00C04F79EFBC}") = "NavMeshPlus", "NavMeshPlus.csproj", "{6BF649A6-9127-4F15-7067-ACA04D5A6C27}"
EndProject
Project("{FAE04EC0-301F-11D3-BF4B-00C04F79EFBC}") = "Unity.Burst.CodeGen", "Unity.Burst.CodeGen.csproj", "{F1D81276-18B0-F9EE-FDC7-25F9C13B9C40}"
EndProject
Project("{FAE04EC0-301F-11D3-BF4B-00C04F79EFBC}") = "Unity.Postprocessing.Editor", "Unity.Postprocessing.Editor.csproj", "{779287E1-9D86-574A-A1D1-88AAC7FB3892}"
EndProject
Project("{FAE04EC0-301F-11D3-BF4B-00C04F79EFBC}") = "Unity.2D.Tilemap.Extras", "Unity.2D.Tilemap.Extras.csproj", "{426C96E5-C427-9FC5-7E50-532D95F29ED7}"
EndProject
Project("{FAE04EC0-301F-11D3-BF4B-00C04F79EFBC}") = "Unity.VisualScripting.State", "Unity.VisualScripting.State.csproj", "{57194C4D-4106-57CE-2464-DB950F7BAA71}"
EndProject
Project("{FAE04EC0-301F-11D3-BF4B-00C04F79EFBC}") = "Unity.TextMeshPro", "Unity.TextMeshPro.csproj", "{5A05AE9D-C800-FE2F-9AB6-5D96FCB8B9C5}"
EndProject
Project("{FAE04EC0-301F-11D3-BF4B-00C04F79EFBC}") = "Unity.2D.Aseprite.Common", "Unity.2D.Aseprite.Common.csproj", "{4D8A0969-48EE-9327-FFAD-3289B2DE131C}"
EndProject
Project("{FAE04EC0-301F-11D3-BF4B-00C04F79EFBC}") = "Unity.VSCode.Editor", "Unity.VSCode.Editor.csproj", "{A872C5D0-5810-9DBF-045A-A272A9C47CD4}"
EndProject
Project("{FAE04EC0-301F-11D3-BF4B-00C04F79EFBC}") = "Unity.2D.IK.Editor", "Unity.2D.IK.Editor.csproj", "{D61A1561-E693-E2FA-47A0-15757B65003D}"
EndProject
Project("{FAE04EC0-301F-11D3-BF4B-00C04F79EFBC}") = "Unity.InternalAPIEngineBridge.001", "Unity.InternalAPIEngineBridge.001.csproj", "{E058AFB3-D52A-A12C-BED7-8B7061D40E87}"
EndProject
Project("{FAE04EC0-301F-11D3-BF4B-00C04F79EFBC}") = "Unity.Burst.Editor", "Unity.Burst.Editor.csproj", "{98891944-B7B5-B66A-80BA-65DFC2E57624}"
EndProject
Project("{FAE04EC0-301F-11D3-BF4B-00C04F79EFBC}") = "Unity.2D.Common.Editor", "Unity.2D.Common.Editor.csproj", "{A2ADFC01-94BD-6066-F151-385C5608C9DA}"
EndProject
Project("{FAE04EC0-301F-11D3-BF4B-00C04F79EFBC}") = "Unity.2D.Sprite.Editor", "Unity.2D.Sprite.Editor.csproj", "{A089DCD6-A524-943D-3196-ED9F71D535EE}"
EndProject
Project("{FAE04EC0-301F-11D3-BF4B-00C04F79EFBC}") = "NavMeshPlusEditor", "NavMeshPlusEditor.csproj", "{BFB3BE38-C18F-4CF0-7D79-E6D57956597A}"
EndProject
Project("{FAE04EC0-301F-11D3-BF4B-00C04F79EFBC}") = "Unity.AI.Navigation.Updater", "Unity.AI.Navigation.Updater.csproj", "{D6A8169D-A187-8BF2-E666-F5EDA614572A}"
EndProject
Project("{FAE04EC0-301F-11D3-BF4B-00C04F79EFBC}") = "Unity.2D.PixelPerfect", "Unity.2D.PixelPerfect.csproj", "{D3671352-C1DB-123F-C2AB-70E37CB85AF4}"
EndProject
Project("{FAE04EC0-301F-11D3-BF4B-00C04F79EFBC}") = "Unity.2D.PixelPerfect.Editor", "Unity.2D.PixelPerfect.Editor.csproj", "{877BB260-2E62-6636-5D67-BAF7529FFD5F}"
EndProject
Project("{FAE04EC0-301F-11D3-BF4B-00C04F79EFBC}") = "Unity.2D.Common.Runtime", "Unity.2D.Common.Runtime.csproj", "{0E2B3D0E-8854-F936-439E-918B505A6FDF}"
EndProject
Project("{FAE04EC0-301F-11D3-BF4B-00C04F79EFBC}") = "Unity.Mathematics.Editor", "Unity.Mathematics.Editor.csproj", "{8B1ADA57-0D9F-6E1C-E1F0-3379529B018A}"
EndProject
Project("{FAE04EC0-301F-11D3-BF4B-00C04F79EFBC}") = "Unity.Collections.BurstCompatibilityGen", "Unity.Collections.BurstCompatibilityGen.csproj", "{1C0EA448-06DB-03BB-B8DF-F72F0D373385}"
EndProject
Project("{FAE04EC0-301F-11D3-BF4B-00C04F79EFBC}") = "Unity.InternalAPIEditorBridge.005", "Unity.InternalAPIEditorBridge.005.csproj", "{D342CD04-AFD4-3737-EF70-D58559D3BB4A}"
EndProject
Project("{FAE04EC0-301F-11D3-BF4B-00C04F79EFBC}") = "Unity.VisualScripting.Shared.Editor", "Unity.VisualScripting.Shared.Editor.csproj", "{D40DFA39-333E-F4E2-01F6-CC7DD5C1B7A4}"
EndProject
Project("{FAE04EC0-301F-11D3-BF4B-00C04F79EFBC}") = "Unity.Collections.DocCodeSamples", "Unity.Collections.DocCodeSamples.csproj", "{DA11ED30-1736-60D1-D6F7-6F13BF1C8277}"
EndProject
Project("{FAE04EC0-301F-11D3-BF4B-00C04F79EFBC}") = "Unity.CollabProxy.Editor", "Unity.CollabProxy.Editor.csproj", "{420A9A00-9372-9734-4159-1563BA552A1A}"
EndProject
Project("{FAE04EC0-301F-11D3-BF4B-00C04F79EFBC}") = "Unity.Timeline", "Unity.Timeline.Player.csproj", "{93FC4E96-A67C-55D4-C15D-96B16EA47A12}"
EndProject
Project("{FAE04EC0-301F-11D3-BF4B-00C04F79EFBC}") = "Unity.VisualScripting.Flow", "Unity.VisualScripting.Flow.Player.csproj", "{0115FE38-0F2B-028F-002A-644AF225B19E}"
EndProject
Project("{FAE04EC0-301F-11D3-BF4B-00C04F79EFBC}") = "Unity.VisualScripting.Core", "Unity.VisualScripting.Core.Player.csproj", "{C00F06E6-8F41-9827-CAF6-EBA1104EAE30}"
EndProject
Project("{FAE04EC0-301F-11D3-BF4B-00C04F79EFBC}") = "Unity.Mathematics", "Unity.Mathematics.Player.csproj", "{BD9D432A-08B7-1D4B-47D3-4382081D3E90}"
EndProject
Project("{FAE04EC0-301F-11D3-BF4B-00C04F79EFBC}") = "Unity.2D.IK.Runtime", "Unity.2D.IK.Runtime.Player.csproj", "{A76C1B68-E03C-E0EC-4585-200C0C5D5880}"
EndProject
Project("{FAE04EC0-301F-11D3-BF4B-00C04F79EFBC}") = "Assembly-CSharp", "Assembly-CSharp.Player.csproj", "{FBEF4D3C-3A5C-2EBA-080C-54A616EE697E}"
EndProject
Project("{FAE04EC0-301F-11D3-BF4B-00C04F79EFBC}") = "UnityEngine.TestRunner", "UnityEngine.TestRunner.Player.csproj", "{96420C98-853C-20F6-AD93-13F2CB76FC23}"
EndProject
Project("{FAE04EC0-301F-11D3-BF4B-00C04F79EFBC}") = "Unity.Burst", "Unity.Burst.Player.csproj", "{6BD9A383-63E2-837C-A592-D039E818F043}"
EndProject
Project("{FAE04EC0-301F-11D3-BF4B-00C04F79EFBC}") = "UnityEngine.UI", "UnityEngine.UI.Player.csproj", "{1ADF5340-4C50-E6C4-5950-8F297A12A08E}"
EndProject
Project("{FAE04EC0-301F-11D3-BF4B-00C04F79EFBC}") = "Unity.Collections", "Unity.Collections.Player.csproj", "{4F53CF5F-06B5-EB40-938D-9EAAA0E7E22E}"
EndProject
Project("{FAE04EC0-301F-11D3-BF4B-00C04F79EFBC}") = "Unity.Postprocessing.Runtime", "Unity.Postprocessing.Runtime.Player.csproj", "{D2DE3B80-8955-5A92-DD19-CD616371B6C0}"
EndProject
Project("{FAE04EC0-301F-11D3-BF4B-00C04F79EFBC}") = "Unity.2D.SpriteShape.Runtime", "Unity.2D.SpriteShape.Runtime.Player.csproj", "{EC5F1681-7788-A042-B976-33EF51F05CCF}"
EndProject
Project("{FAE04EC0-301F-11D3-BF4B-00C04F79EFBC}") = "Unity.AI.Navigation", "Unity.AI.Navigation.Player.csproj", "{5CC95C98-4004-3370-2B7B-F04ED0DB753C}"
EndProject
Project("{FAE04EC0-301F-11D3-BF4B-00C04F79EFBC}") = "Unity.2D.Animation.Runtime", "Unity.2D.Animation.Runtime.Player.csproj", "{64DA2871-B5D2-F45E-A53E-1849D5A19A7E}"
EndProject
Project("{FAE04EC0-301F-11D3-BF4B-00C04F79EFBC}") = "NavMeshPlus", "NavMeshPlus.Player.csproj", "{1645D112-5440-E94A-0C9D-80241CBD9385}"
EndProject
Project("{FAE04EC0-301F-11D3-BF4B-00C04F79EFBC}") = "Unity.2D.Tilemap.Extras", "Unity.2D.Tilemap.Extras.Player.csproj", "{1B7FC7A9-272C-699D-EBCB-C62AAF186209}"
EndProject
Project("{FAE04EC0-301F-11D3-BF4B-00C04F79EFBC}") = "Unity.VisualScripting.State", "Unity.VisualScripting.State.Player.csproj", "{06930692-7582-295E-4356-D023B6D26509}"
EndProject
Project("{FAE04EC0-301F-11D3-BF4B-00C04F79EFBC}") = "Unity.TextMeshPro", "Unity.TextMeshPro.Player.csproj", "{5A08D939-E2E9-590C-D3A1-B81E2CCF15BA}"
EndProject
Project("{FAE04EC0-301F-11D3-BF4B-00C04F79EFBC}") = "Unity.InternalAPIEngineBridge.001", "Unity.InternalAPIEngineBridge.001.Player.csproj", "{DBBDF091-28E9-08C6-D523-80867C73943F}"
EndProject
Project("{FAE04EC0-301F-11D3-BF4B-00C04F79EFBC}") = "Unity.2D.PixelPerfect", "Unity.2D.PixelPerfect.Player.csproj", "{66B9B8ED-AAFD-1C7B-938A-FB5B59259B7B}"
EndProject
Project("{FAE04EC0-301F-11D3-BF4B-00C04F79EFBC}") = "Unity.2D.Common.Runtime", "Unity.2D.Common.Runtime.Player.csproj", "{99B094FD-E749-013B-46F5-3796E3543ADF}"
EndProject
Global
	GlobalSection(SolutionConfigurationPlatforms) = preSolution
		Debug|Any CPU = Debug|Any CPU
		Release|Any CPU = Release|Any CPU
	EndGlobalSection
	GlobalSection(ProjectConfigurationPlatforms) = postSolution
		{46D87244-CAE0-C5D6-9C07-B5196F0AD908}.Debug|Any CPU.ActiveCfg = Debug|Any CPU
		{46D87244-CAE0-C5D6-9C07-B5196F0AD908}.Debug|Any CPU.Build.0 = Debug|Any CPU
		{46D87244-CAE0-C5D6-9C07-B5196F0AD908}.Release|Any CPU.ActiveCfg = Release|Any CPU
		{46D87244-CAE0-C5D6-9C07-B5196F0AD908}.Release|Any CPU.Build.0 = Release|Any CPU
		{877EA175-A556-4D32-6FC3-CDC19B509F2F}.Debug|Any CPU.ActiveCfg = Debug|Any CPU
		{877EA175-A556-4D32-6FC3-CDC19B509F2F}.Debug|Any CPU.Build.0 = Debug|Any CPU
		{877EA175-A556-4D32-6FC3-CDC19B509F2F}.Release|Any CPU.ActiveCfg = Release|Any CPU
		{877EA175-A556-4D32-6FC3-CDC19B509F2F}.Release|Any CPU.Build.0 = Release|Any CPU
		{F86F5EFB-5E25-FB0B-CDFC-5BDDF98FD6BC}.Debug|Any CPU.ActiveCfg = Debug|Any CPU
		{F86F5EFB-5E25-FB0B-CDFC-5BDDF98FD6BC}.Debug|Any CPU.Build.0 = Debug|Any CPU
		{F86F5EFB-5E25-FB0B-CDFC-5BDDF98FD6BC}.Release|Any CPU.ActiveCfg = Release|Any CPU
		{F86F5EFB-5E25-FB0B-CDFC-5BDDF98FD6BC}.Release|Any CPU.Build.0 = Release|Any CPU
		{E220F2D6-E8F3-8DF0-A798-3D61E92281D4}.Debug|Any CPU.ActiveCfg = Debug|Any CPU
		{E220F2D6-E8F3-8DF0-A798-3D61E92281D4}.Debug|Any CPU.Build.0 = Debug|Any CPU
		{E220F2D6-E8F3-8DF0-A798-3D61E92281D4}.Release|Any CPU.ActiveCfg = Release|Any CPU
		{E220F2D6-E8F3-8DF0-A798-3D61E92281D4}.Release|Any CPU.Build.0 = Release|Any CPU
		{67F03505-AA59-ADD0-12E4-AAC042C516E1}.Debug|Any CPU.ActiveCfg = Debug|Any CPU
		{67F03505-AA59-ADD0-12E4-AAC042C516E1}.Debug|Any CPU.Build.0 = Debug|Any CPU
		{67F03505-AA59-ADD0-12E4-AAC042C516E1}.Release|Any CPU.ActiveCfg = Release|Any CPU
		{67F03505-AA59-ADD0-12E4-AAC042C516E1}.Release|Any CPU.Build.0 = Release|Any CPU
		{76E98269-B2F6-FB90-93BD-2C69C6FE0306}.Debug|Any CPU.ActiveCfg = Debug|Any CPU
		{76E98269-B2F6-FB90-93BD-2C69C6FE0306}.Debug|Any CPU.Build.0 = Debug|Any CPU
		{76E98269-B2F6-FB90-93BD-2C69C6FE0306}.Release|Any CPU.ActiveCfg = Release|Any CPU
		{76E98269-B2F6-FB90-93BD-2C69C6FE0306}.Release|Any CPU.Build.0 = Release|Any CPU
		{A9B35975-1292-5B4E-E5C4-F10315A3A277}.Debug|Any CPU.ActiveCfg = Debug|Any CPU
		{A9B35975-1292-5B4E-E5C4-F10315A3A277}.Debug|Any CPU.Build.0 = Debug|Any CPU
		{A9B35975-1292-5B4E-E5C4-F10315A3A277}.Release|Any CPU.ActiveCfg = Release|Any CPU
		{A9B35975-1292-5B4E-E5C4-F10315A3A277}.Release|Any CPU.Build.0 = Release|Any CPU
		{F068660D-A25A-394C-B516-83EA715CA784}.Debug|Any CPU.ActiveCfg = Debug|Any CPU
		{F068660D-A25A-394C-B516-83EA715CA784}.Debug|Any CPU.Build.0 = Debug|Any CPU
		{F068660D-A25A-394C-B516-83EA715CA784}.Release|Any CPU.ActiveCfg = Release|Any CPU
		{F068660D-A25A-394C-B516-83EA715CA784}.Release|Any CPU.Build.0 = Release|Any CPU
		{D000F248-4693-E2ED-88B8-776429080804}.Debug|Any CPU.ActiveCfg = Debug|Any CPU
		{D000F248-4693-E2ED-88B8-776429080804}.Debug|Any CPU.Build.0 = Debug|Any CPU
		{D000F248-4693-E2ED-88B8-776429080804}.Release|Any CPU.ActiveCfg = Release|Any CPU
		{D000F248-4693-E2ED-88B8-776429080804}.Release|Any CPU.Build.0 = Release|Any CPU
		{558353AD-11AC-F9B7-953C-B2DAB1CBF3C0}.Debug|Any CPU.ActiveCfg = Debug|Any CPU
		{558353AD-11AC-F9B7-953C-B2DAB1CBF3C0}.Debug|Any CPU.Build.0 = Debug|Any CPU
		{558353AD-11AC-F9B7-953C-B2DAB1CBF3C0}.Release|Any CPU.ActiveCfg = Release|Any CPU
		{558353AD-11AC-F9B7-953C-B2DAB1CBF3C0}.Release|Any CPU.Build.0 = Release|Any CPU
		{26470A32-B598-50E9-DA7E-2281F648B087}.Debug|Any CPU.ActiveCfg = Debug|Any CPU
		{26470A32-B598-50E9-DA7E-2281F648B087}.Debug|Any CPU.Build.0 = Debug|Any CPU
		{26470A32-B598-50E9-DA7E-2281F648B087}.Release|Any CPU.ActiveCfg = Release|Any CPU
		{26470A32-B598-50E9-DA7E-2281F648B087}.Release|Any CPU.Build.0 = Release|Any CPU
		{DADD4796-E4C0-C613-C6FA-87418AE0D696}.Debug|Any CPU.ActiveCfg = Debug|Any CPU
		{DADD4796-E4C0-C613-C6FA-87418AE0D696}.Debug|Any CPU.Build.0 = Debug|Any CPU
		{DADD4796-E4C0-C613-C6FA-87418AE0D696}.Release|Any CPU.ActiveCfg = Release|Any CPU
		{DADD4796-E4C0-C613-C6FA-87418AE0D696}.Release|Any CPU.Build.0 = Release|Any CPU
		{274F08B9-2AAC-6628-FFF5-134C2866F136}.Debug|Any CPU.ActiveCfg = Debug|Any CPU
		{274F08B9-2AAC-6628-FFF5-134C2866F136}.Debug|Any CPU.Build.0 = Debug|Any CPU
		{274F08B9-2AAC-6628-FFF5-134C2866F136}.Release|Any CPU.ActiveCfg = Release|Any CPU
		{274F08B9-2AAC-6628-FFF5-134C2866F136}.Release|Any CPU.Build.0 = Release|Any CPU
		{09C2B3E1-F479-12FC-89B2-70BC2FA7061A}.Debug|Any CPU.ActiveCfg = Debug|Any CPU
		{09C2B3E1-F479-12FC-89B2-70BC2FA7061A}.Debug|Any CPU.Build.0 = Debug|Any CPU
		{09C2B3E1-F479-12FC-89B2-70BC2FA7061A}.Release|Any CPU.ActiveCfg = Release|Any CPU
		{09C2B3E1-F479-12FC-89B2-70BC2FA7061A}.Release|Any CPU.Build.0 = Release|Any CPU
		{73782B00-AE09-7236-1E74-EFA099C90633}.Debug|Any CPU.ActiveCfg = Debug|Any CPU
		{73782B00-AE09-7236-1E74-EFA099C90633}.Debug|Any CPU.Build.0 = Debug|Any CPU
		{73782B00-AE09-7236-1E74-EFA099C90633}.Release|Any CPU.ActiveCfg = Release|Any CPU
		{73782B00-AE09-7236-1E74-EFA099C90633}.Release|Any CPU.Build.0 = Release|Any CPU
		{A850CA82-8828-CAAE-F80A-0EC2C0464A31}.Debug|Any CPU.ActiveCfg = Debug|Any CPU
		{A850CA82-8828-CAAE-F80A-0EC2C0464A31}.Debug|Any CPU.Build.0 = Debug|Any CPU
		{A850CA82-8828-CAAE-F80A-0EC2C0464A31}.Release|Any CPU.ActiveCfg = Release|Any CPU
		{A850CA82-8828-CAAE-F80A-0EC2C0464A31}.Release|Any CPU.Build.0 = Release|Any CPU
		{B5E2EA4A-7A86-82DB-1234-8FECBF2523AE}.Debug|Any CPU.ActiveCfg = Debug|Any CPU
		{B5E2EA4A-7A86-82DB-1234-8FECBF2523AE}.Debug|Any CPU.Build.0 = Debug|Any CPU
		{B5E2EA4A-7A86-82DB-1234-8FECBF2523AE}.Release|Any CPU.ActiveCfg = Release|Any CPU
		{B5E2EA4A-7A86-82DB-1234-8FECBF2523AE}.Release|Any CPU.Build.0 = Release|Any CPU
		{311F2DB4-3CC5-CEEA-1CF0-56BFE5704393}.Debug|Any CPU.ActiveCfg = Debug|Any CPU
		{311F2DB4-3CC5-CEEA-1CF0-56BFE5704393}.Debug|Any CPU.Build.0 = Debug|Any CPU
		{311F2DB4-3CC5-CEEA-1CF0-56BFE5704393}.Release|Any CPU.ActiveCfg = Release|Any CPU
		{311F2DB4-3CC5-CEEA-1CF0-56BFE5704393}.Release|Any CPU.Build.0 = Release|Any CPU
		{7C7F640C-42C1-043D-BCD4-0D403B0FED21}.Debug|Any CPU.ActiveCfg = Debug|Any CPU
		{7C7F640C-42C1-043D-BCD4-0D403B0FED21}.Debug|Any CPU.Build.0 = Debug|Any CPU
		{7C7F640C-42C1-043D-BCD4-0D403B0FED21}.Release|Any CPU.ActiveCfg = Release|Any CPU
		{7C7F640C-42C1-043D-BCD4-0D403B0FED21}.Release|Any CPU.Build.0 = Release|Any CPU
		{BB7E8FEA-093F-FF40-664A-5862DEF59D38}.Debug|Any CPU.ActiveCfg = Debug|Any CPU
		{BB7E8FEA-093F-FF40-664A-5862DEF59D38}.Debug|Any CPU.Build.0 = Debug|Any CPU
		{BB7E8FEA-093F-FF40-664A-5862DEF59D38}.Release|Any CPU.ActiveCfg = Release|Any CPU
		{BB7E8FEA-093F-FF40-664A-5862DEF59D38}.Release|Any CPU.Build.0 = Release|Any CPU
		{4B78669E-3CDF-6F8C-41B4-02138DEA829C}.Debug|Any CPU.ActiveCfg = Debug|Any CPU
		{4B78669E-3CDF-6F8C-41B4-02138DEA829C}.Debug|Any CPU.Build.0 = Debug|Any CPU
		{4B78669E-3CDF-6F8C-41B4-02138DEA829C}.Release|Any CPU.ActiveCfg = Release|Any CPU
		{4B78669E-3CDF-6F8C-41B4-02138DEA829C}.Release|Any CPU.Build.0 = Release|Any CPU
		{9AD88FBE-D2F1-36B4-9EA2-9B0D3471DF36}.Debug|Any CPU.ActiveCfg = Debug|Any CPU
		{9AD88FBE-D2F1-36B4-9EA2-9B0D3471DF36}.Debug|Any CPU.Build.0 = Debug|Any CPU
		{9AD88FBE-D2F1-36B4-9EA2-9B0D3471DF36}.Release|Any CPU.ActiveCfg = Release|Any CPU
		{9AD88FBE-D2F1-36B4-9EA2-9B0D3471DF36}.Release|Any CPU.Build.0 = Release|Any CPU
		{1C8AB63F-1B11-58B8-FA12-462A7FC6BFAF}.Debug|Any CPU.ActiveCfg = Debug|Any CPU
		{1C8AB63F-1B11-58B8-FA12-462A7FC6BFAF}.Debug|Any CPU.Build.0 = Debug|Any CPU
		{1C8AB63F-1B11-58B8-FA12-462A7FC6BFAF}.Release|Any CPU.ActiveCfg = Release|Any CPU
		{1C8AB63F-1B11-58B8-FA12-462A7FC6BFAF}.Release|Any CPU.Build.0 = Release|Any CPU
		{BAD6BE22-8525-D8F4-A225-784F4DF2C356}.Debug|Any CPU.ActiveCfg = Debug|Any CPU
		{BAD6BE22-8525-D8F4-A225-784F4DF2C356}.Debug|Any CPU.Build.0 = Debug|Any CPU
		{BAD6BE22-8525-D8F4-A225-784F4DF2C356}.Release|Any CPU.ActiveCfg = Release|Any CPU
		{BAD6BE22-8525-D8F4-A225-784F4DF2C356}.Release|Any CPU.Build.0 = Release|Any CPU
		{4F17C4CD-8DE6-27FB-44C7-693DE4CF0BC7}.Debug|Any CPU.ActiveCfg = Debug|Any CPU
		{4F17C4CD-8DE6-27FB-44C7-693DE4CF0BC7}.Debug|Any CPU.Build.0 = Debug|Any CPU
		{4F17C4CD-8DE6-27FB-44C7-693DE4CF0BC7}.Release|Any CPU.ActiveCfg = Release|Any CPU
		{4F17C4CD-8DE6-27FB-44C7-693DE4CF0BC7}.Release|Any CPU.Build.0 = Release|Any CPU
		{B1C46802-EEE9-92A8-5E9D-CEA6910A4E27}.Debug|Any CPU.ActiveCfg = Debug|Any CPU
		{B1C46802-EEE9-92A8-5E9D-CEA6910A4E27}.Debug|Any CPU.Build.0 = Debug|Any CPU
		{B1C46802-EEE9-92A8-5E9D-CEA6910A4E27}.Release|Any CPU.ActiveCfg = Release|Any CPU
		{B1C46802-EEE9-92A8-5E9D-CEA6910A4E27}.Release|Any CPU.Build.0 = Release|Any CPU
		{C11A0027-ECDA-7BBE-E113-FD32E713E08E}.Debug|Any CPU.ActiveCfg = Debug|Any CPU
		{C11A0027-ECDA-7BBE-E113-FD32E713E08E}.Debug|Any CPU.Build.0 = Debug|Any CPU
		{C11A0027-ECDA-7BBE-E113-FD32E713E08E}.Release|Any CPU.ActiveCfg = Release|Any CPU
		{C11A0027-ECDA-7BBE-E113-FD32E713E08E}.Release|Any CPU.Build.0 = Release|Any CPU
		{1039FE21-EDE6-C0EF-C6E5-DC1F404F68F1}.Debug|Any CPU.ActiveCfg = Debug|Any CPU
		{1039FE21-EDE6-C0EF-C6E5-DC1F404F68F1}.Debug|Any CPU.Build.0 = Debug|Any CPU
		{1039FE21-EDE6-C0EF-C6E5-DC1F404F68F1}.Release|Any CPU.ActiveCfg = Release|Any CPU
		{1039FE21-EDE6-C0EF-C6E5-DC1F404F68F1}.Release|Any CPU.Build.0 = Release|Any CPU
		{421C82E9-C7E1-A82B-B966-CB6B6053379D}.Debug|Any CPU.ActiveCfg = Debug|Any CPU
		{421C82E9-C7E1-A82B-B966-CB6B6053379D}.Debug|Any CPU.Build.0 = Debug|Any CPU
		{421C82E9-C7E1-A82B-B966-CB6B6053379D}.Release|Any CPU.ActiveCfg = Release|Any CPU
		{421C82E9-C7E1-A82B-B966-CB6B6053379D}.Release|Any CPU.Build.0 = Release|Any CPU
		{652C67A8-EAC9-07F5-074C-C55518F48FA1}.Debug|Any CPU.ActiveCfg = Debug|Any CPU
		{652C67A8-EAC9-07F5-074C-C55518F48FA1}.Debug|Any CPU.Build.0 = Debug|Any CPU
		{652C67A8-EAC9-07F5-074C-C55518F48FA1}.Release|Any CPU.ActiveCfg = Release|Any CPU
		{652C67A8-EAC9-07F5-074C-C55518F48FA1}.Release|Any CPU.Build.0 = Release|Any CPU
		{21A6D7D3-4D16-D8C2-4715-DF280D267337}.Debug|Any CPU.ActiveCfg = Debug|Any CPU
		{21A6D7D3-4D16-D8C2-4715-DF280D267337}.Debug|Any CPU.Build.0 = Debug|Any CPU
		{21A6D7D3-4D16-D8C2-4715-DF280D267337}.Release|Any CPU.ActiveCfg = Release|Any CPU
		{21A6D7D3-4D16-D8C2-4715-DF280D267337}.Release|Any CPU.Build.0 = Release|Any CPU
		{3BAA1031-DB99-C8EB-541A-60DA84D54FA1}.Debug|Any CPU.ActiveCfg = Debug|Any CPU
		{3BAA1031-DB99-C8EB-541A-60DA84D54FA1}.Debug|Any CPU.Build.0 = Debug|Any CPU
		{3BAA1031-DB99-C8EB-541A-60DA84D54FA1}.Release|Any CPU.ActiveCfg = Release|Any CPU
		{3BAA1031-DB99-C8EB-541A-60DA84D54FA1}.Release|Any CPU.Build.0 = Release|Any CPU
		{B65B4756-126A-C68E-9513-228B16A38D08}.Debug|Any CPU.ActiveCfg = Debug|Any CPU
		{B65B4756-126A-C68E-9513-228B16A38D08}.Debug|Any CPU.Build.0 = Debug|Any CPU
		{B65B4756-126A-C68E-9513-228B16A38D08}.Release|Any CPU.ActiveCfg = Release|Any CPU
		{B65B4756-126A-C68E-9513-228B16A38D08}.Release|Any CPU.Build.0 = Release|Any CPU
		{95D9EF05-AC77-6641-277D-E4E91E09244A}.Debug|Any CPU.ActiveCfg = Debug|Any CPU
		{95D9EF05-AC77-6641-277D-E4E91E09244A}.Debug|Any CPU.Build.0 = Debug|Any CPU
		{95D9EF05-AC77-6641-277D-E4E91E09244A}.Release|Any CPU.ActiveCfg = Release|Any CPU
		{95D9EF05-AC77-6641-277D-E4E91E09244A}.Release|Any CPU.Build.0 = Release|Any CPU
		{325CDF2D-C3EE-9C59-CDA7-750A7A626F43}.Debug|Any CPU.ActiveCfg = Debug|Any CPU
		{325CDF2D-C3EE-9C59-CDA7-750A7A626F43}.Debug|Any CPU.Build.0 = Debug|Any CPU
		{325CDF2D-C3EE-9C59-CDA7-750A7A626F43}.Release|Any CPU.ActiveCfg = Release|Any CPU
		{325CDF2D-C3EE-9C59-CDA7-750A7A626F43}.Release|Any CPU.Build.0 = Release|Any CPU
		{B37B10F0-C3A8-D392-F33B-CEFE510C3185}.Debug|Any CPU.ActiveCfg = Debug|Any CPU
		{B37B10F0-C3A8-D392-F33B-CEFE510C3185}.Debug|Any CPU.Build.0 = Debug|Any CPU
		{B37B10F0-C3A8-D392-F33B-CEFE510C3185}.Release|Any CPU.ActiveCfg = Release|Any CPU
		{B37B10F0-C3A8-D392-F33B-CEFE510C3185}.Release|Any CPU.Build.0 = Release|Any CPU
		{6BF649A6-9127-4F15-7067-ACA04D5A6C27}.Debug|Any CPU.ActiveCfg = Debug|Any CPU
		{6BF649A6-9127-4F15-7067-ACA04D5A6C27}.Debug|Any CPU.Build.0 = Debug|Any CPU
		{6BF649A6-9127-4F15-7067-ACA04D5A6C27}.Release|Any CPU.ActiveCfg = Release|Any CPU
		{6BF649A6-9127-4F15-7067-ACA04D5A6C27}.Release|Any CPU.Build.0 = Release|Any CPU
		{F1D81276-18B0-F9EE-FDC7-25F9C13B9C40}.Debug|Any CPU.ActiveCfg = Debug|Any CPU
		{F1D81276-18B0-F9EE-FDC7-25F9C13B9C40}.Debug|Any CPU.Build.0 = Debug|Any CPU
		{F1D81276-18B0-F9EE-FDC7-25F9C13B9C40}.Release|Any CPU.ActiveCfg = Release|Any CPU
		{F1D81276-18B0-F9EE-FDC7-25F9C13B9C40}.Release|Any CPU.Build.0 = Release|Any CPU
		{779287E1-9D86-574A-A1D1-88AAC7FB3892}.Debug|Any CPU.ActiveCfg = Debug|Any CPU
		{779287E1-9D86-574A-A1D1-88AAC7FB3892}.Debug|Any CPU.Build.0 = Debug|Any CPU
		{779287E1-9D86-574A-A1D1-88AAC7FB3892}.Release|Any CPU.ActiveCfg = Release|Any CPU
		{779287E1-9D86-574A-A1D1-88AAC7FB3892}.Release|Any CPU.Build.0 = Release|Any CPU
		{426C96E5-C427-9FC5-7E50-532D95F29ED7}.Debug|Any CPU.ActiveCfg = Debug|Any CPU
		{426C96E5-C427-9FC5-7E50-532D95F29ED7}.Debug|Any CPU.Build.0 = Debug|Any CPU
		{426C96E5-C427-9FC5-7E50-532D95F29ED7}.Release|Any CPU.ActiveCfg = Release|Any CPU
		{426C96E5-C427-9FC5-7E50-532D95F29ED7}.Release|Any CPU.Build.0 = Release|Any CPU
		{57194C4D-4106-57CE-2464-DB950F7BAA71}.Debug|Any CPU.ActiveCfg = Debug|Any CPU
		{57194C4D-4106-57CE-2464-DB950F7BAA71}.Debug|Any CPU.Build.0 = Debug|Any CPU
		{57194C4D-4106-57CE-2464-DB950F7BAA71}.Release|Any CPU.ActiveCfg = Release|Any CPU
		{57194C4D-4106-57CE-2464-DB950F7BAA71}.Release|Any CPU.Build.0 = Release|Any CPU
		{5A05AE9D-C800-FE2F-9AB6-5D96FCB8B9C5}.Debug|Any CPU.ActiveCfg = Debug|Any CPU
		{5A05AE9D-C800-FE2F-9AB6-5D96FCB8B9C5}.Debug|Any CPU.Build.0 = Debug|Any CPU
		{5A05AE9D-C800-FE2F-9AB6-5D96FCB8B9C5}.Release|Any CPU.ActiveCfg = Release|Any CPU
		{5A05AE9D-C800-FE2F-9AB6-5D96FCB8B9C5}.Release|Any CPU.Build.0 = Release|Any CPU
		{4D8A0969-48EE-9327-FFAD-3289B2DE131C}.Debug|Any CPU.ActiveCfg = Debug|Any CPU
		{4D8A0969-48EE-9327-FFAD-3289B2DE131C}.Debug|Any CPU.Build.0 = Debug|Any CPU
		{4D8A0969-48EE-9327-FFAD-3289B2DE131C}.Release|Any CPU.ActiveCfg = Release|Any CPU
		{4D8A0969-48EE-9327-FFAD-3289B2DE131C}.Release|Any CPU.Build.0 = Release|Any CPU
		{A872C5D0-5810-9DBF-045A-A272A9C47CD4}.Debug|Any CPU.ActiveCfg = Debug|Any CPU
		{A872C5D0-5810-9DBF-045A-A272A9C47CD4}.Debug|Any CPU.Build.0 = Debug|Any CPU
		{A872C5D0-5810-9DBF-045A-A272A9C47CD4}.Release|Any CPU.ActiveCfg = Release|Any CPU
		{A872C5D0-5810-9DBF-045A-A272A9C47CD4}.Release|Any CPU.Build.0 = Release|Any CPU
		{D61A1561-E693-E2FA-47A0-15757B65003D}.Debug|Any CPU.ActiveCfg = Debug|Any CPU
		{D61A1561-E693-E2FA-47A0-15757B65003D}.Debug|Any CPU.Build.0 = Debug|Any CPU
		{D61A1561-E693-E2FA-47A0-15757B65003D}.Release|Any CPU.ActiveCfg = Release|Any CPU
		{D61A1561-E693-E2FA-47A0-15757B65003D}.Release|Any CPU.Build.0 = Release|Any CPU
		{E058AFB3-D52A-A12C-BED7-8B7061D40E87}.Debug|Any CPU.ActiveCfg = Debug|Any CPU
		{E058AFB3-D52A-A12C-BED7-8B7061D40E87}.Debug|Any CPU.Build.0 = Debug|Any CPU
		{E058AFB3-D52A-A12C-BED7-8B7061D40E87}.Release|Any CPU.ActiveCfg = Release|Any CPU
		{E058AFB3-D52A-A12C-BED7-8B7061D40E87}.Release|Any CPU.Build.0 = Release|Any CPU
		{98891944-B7B5-B66A-80BA-65DFC2E57624}.Debug|Any CPU.ActiveCfg = Debug|Any CPU
		{98891944-B7B5-B66A-80BA-65DFC2E57624}.Debug|Any CPU.Build.0 = Debug|Any CPU
		{98891944-B7B5-B66A-80BA-65DFC2E57624}.Release|Any CPU.ActiveCfg = Release|Any CPU
		{98891944-B7B5-B66A-80BA-65DFC2E57624}.Release|Any CPU.Build.0 = Release|Any CPU
		{A2ADFC01-94BD-6066-F151-385C5608C9DA}.Debug|Any CPU.ActiveCfg = Debug|Any CPU
		{A2ADFC01-94BD-6066-F151-385C5608C9DA}.Debug|Any CPU.Build.0 = Debug|Any CPU
		{A2ADFC01-94BD-6066-F151-385C5608C9DA}.Release|Any CPU.ActiveCfg = Release|Any CPU
		{A2ADFC01-94BD-6066-F151-385C5608C9DA}.Release|Any CPU.Build.0 = Release|Any CPU
		{A089DCD6-A524-943D-3196-ED9F71D535EE}.Debug|Any CPU.ActiveCfg = Debug|Any CPU
		{A089DCD6-A524-943D-3196-ED9F71D535EE}.Debug|Any CPU.Build.0 = Debug|Any CPU
		{A089DCD6-A524-943D-3196-ED9F71D535EE}.Release|Any CPU.ActiveCfg = Release|Any CPU
		{A089DCD6-A524-943D-3196-ED9F71D535EE}.Release|Any CPU.Build.0 = Release|Any CPU
		{BFB3BE38-C18F-4CF0-7D79-E6D57956597A}.Debug|Any CPU.ActiveCfg = Debug|Any CPU
		{BFB3BE38-C18F-4CF0-7D79-E6D57956597A}.Debug|Any CPU.Build.0 = Debug|Any CPU
		{BFB3BE38-C18F-4CF0-7D79-E6D57956597A}.Release|Any CPU.ActiveCfg = Release|Any CPU
		{BFB3BE38-C18F-4CF0-7D79-E6D57956597A}.Release|Any CPU.Build.0 = Release|Any CPU
		{D6A8169D-A187-8BF2-E666-F5EDA614572A}.Debug|Any CPU.ActiveCfg = Debug|Any CPU
		{D6A8169D-A187-8BF2-E666-F5EDA614572A}.Debug|Any CPU.Build.0 = Debug|Any CPU
		{D6A8169D-A187-8BF2-E666-F5EDA614572A}.Release|Any CPU.ActiveCfg = Release|Any CPU
		{D6A8169D-A187-8BF2-E666-F5EDA614572A}.Release|Any CPU.Build.0 = Release|Any CPU
		{D3671352-C1DB-123F-C2AB-70E37CB85AF4}.Debug|Any CPU.ActiveCfg = Debug|Any CPU
		{D3671352-C1DB-123F-C2AB-70E37CB85AF4}.Debug|Any CPU.Build.0 = Debug|Any CPU
		{D3671352-C1DB-123F-C2AB-70E37CB85AF4}.Release|Any CPU.ActiveCfg = Release|Any CPU
		{D3671352-C1DB-123F-C2AB-70E37CB85AF4}.Release|Any CPU.Build.0 = Release|Any CPU
		{877BB260-2E62-6636-5D67-BAF7529FFD5F}.Debug|Any CPU.ActiveCfg = Debug|Any CPU
		{877BB260-2E62-6636-5D67-BAF7529FFD5F}.Debug|Any CPU.Build.0 = Debug|Any CPU
		{877BB260-2E62-6636-5D67-BAF7529FFD5F}.Release|Any CPU.ActiveCfg = Release|Any CPU
		{877BB260-2E62-6636-5D67-BAF7529FFD5F}.Release|Any CPU.Build.0 = Release|Any CPU
		{0E2B3D0E-8854-F936-439E-918B505A6FDF}.Debug|Any CPU.ActiveCfg = Debug|Any CPU
		{0E2B3D0E-8854-F936-439E-918B505A6FDF}.Debug|Any CPU.Build.0 = Debug|Any CPU
		{0E2B3D0E-8854-F936-439E-918B505A6FDF}.Release|Any CPU.ActiveCfg = Release|Any CPU
		{0E2B3D0E-8854-F936-439E-918B505A6FDF}.Release|Any CPU.Build.0 = Release|Any CPU
		{8B1ADA57-0D9F-6E1C-E1F0-3379529B018A}.Debug|Any CPU.ActiveCfg = Debug|Any CPU
		{8B1ADA57-0D9F-6E1C-E1F0-3379529B018A}.Debug|Any CPU.Build.0 = Debug|Any CPU
		{8B1ADA57-0D9F-6E1C-E1F0-3379529B018A}.Release|Any CPU.ActiveCfg = Release|Any CPU
		{8B1ADA57-0D9F-6E1C-E1F0-3379529B018A}.Release|Any CPU.Build.0 = Release|Any CPU
		{1C0EA448-06DB-03BB-B8DF-F72F0D373385}.Debug|Any CPU.ActiveCfg = Debug|Any CPU
		{1C0EA448-06DB-03BB-B8DF-F72F0D373385}.Debug|Any CPU.Build.0 = Debug|Any CPU
		{1C0EA448-06DB-03BB-B8DF-F72F0D373385}.Release|Any CPU.ActiveCfg = Release|Any CPU
		{1C0EA448-06DB-03BB-B8DF-F72F0D373385}.Release|Any CPU.Build.0 = Release|Any CPU
		{D342CD04-AFD4-3737-EF70-D58559D3BB4A}.Debug|Any CPU.ActiveCfg = Debug|Any CPU
		{D342CD04-AFD4-3737-EF70-D58559D3BB4A}.Debug|Any CPU.Build.0 = Debug|Any CPU
		{D342CD04-AFD4-3737-EF70-D58559D3BB4A}.Release|Any CPU.ActiveCfg = Release|Any CPU
		{D342CD04-AFD4-3737-EF70-D58559D3BB4A}.Release|Any CPU.Build.0 = Release|Any CPU
		{D40DFA39-333E-F4E2-01F6-CC7DD5C1B7A4}.Debug|Any CPU.ActiveCfg = Debug|Any CPU
		{D40DFA39-333E-F4E2-01F6-CC7DD5C1B7A4}.Debug|Any CPU.Build.0 = Debug|Any CPU
		{D40DFA39-333E-F4E2-01F6-CC7DD5C1B7A4}.Release|Any CPU.ActiveCfg = Release|Any CPU
		{D40DFA39-333E-F4E2-01F6-CC7DD5C1B7A4}.Release|Any CPU.Build.0 = Release|Any CPU
		{DA11ED30-1736-60D1-D6F7-6F13BF1C8277}.Debug|Any CPU.ActiveCfg = Debug|Any CPU
		{DA11ED30-1736-60D1-D6F7-6F13BF1C8277}.Debug|Any CPU.Build.0 = Debug|Any CPU
		{DA11ED30-1736-60D1-D6F7-6F13BF1C8277}.Release|Any CPU.ActiveCfg = Release|Any CPU
		{DA11ED30-1736-60D1-D6F7-6F13BF1C8277}.Release|Any CPU.Build.0 = Release|Any CPU
		{420A9A00-9372-9734-4159-1563BA552A1A}.Debug|Any CPU.ActiveCfg = Debug|Any CPU
		{420A9A00-9372-9734-4159-1563BA552A1A}.Debug|Any CPU.Build.0 = Debug|Any CPU
		{420A9A00-9372-9734-4159-1563BA552A1A}.Release|Any CPU.ActiveCfg = Release|Any CPU
		{420A9A00-9372-9734-4159-1563BA552A1A}.Release|Any CPU.Build.0 = Release|Any CPU
		{93FC4E96-A67C-55D4-C15D-96B16EA47A12}.Debug|Any CPU.ActiveCfg = Debug|Any CPU
		{93FC4E96-A67C-55D4-C15D-96B16EA47A12}.Debug|Any CPU.Build.0 = Debug|Any CPU
		{93FC4E96-A67C-55D4-C15D-96B16EA47A12}.Release|Any CPU.ActiveCfg = Release|Any CPU
		{93FC4E96-A67C-55D4-C15D-96B16EA47A12}.Release|Any CPU.Build.0 = Release|Any CPU
		{0115FE38-0F2B-028F-002A-644AF225B19E}.Debug|Any CPU.ActiveCfg = Debug|Any CPU
		{0115FE38-0F2B-028F-002A-644AF225B19E}.Debug|Any CPU.Build.0 = Debug|Any CPU
		{0115FE38-0F2B-028F-002A-644AF225B19E}.Release|Any CPU.ActiveCfg = Release|Any CPU
		{0115FE38-0F2B-028F-002A-644AF225B19E}.Release|Any CPU.Build.0 = Release|Any CPU
		{C00F06E6-8F41-9827-CAF6-EBA1104EAE30}.Debug|Any CPU.ActiveCfg = Debug|Any CPU
		{C00F06E6-8F41-9827-CAF6-EBA1104EAE30}.Debug|Any CPU.Build.0 = Debug|Any CPU
		{C00F06E6-8F41-9827-CAF6-EBA1104EAE30}.Release|Any CPU.ActiveCfg = Release|Any CPU
		{C00F06E6-8F41-9827-CAF6-EBA1104EAE30}.Release|Any CPU.Build.0 = Release|Any CPU
		{BD9D432A-08B7-1D4B-47D3-4382081D3E90}.Debug|Any CPU.ActiveCfg = Debug|Any CPU
		{BD9D432A-08B7-1D4B-47D3-4382081D3E90}.Debug|Any CPU.Build.0 = Debug|Any CPU
		{BD9D432A-08B7-1D4B-47D3-4382081D3E90}.Release|Any CPU.ActiveCfg = Release|Any CPU
		{BD9D432A-08B7-1D4B-47D3-4382081D3E90}.Release|Any CPU.Build.0 = Release|Any CPU
		{A76C1B68-E03C-E0EC-4585-200C0C5D5880}.Debug|Any CPU.ActiveCfg = Debug|Any CPU
		{A76C1B68-E03C-E0EC-4585-200C0C5D5880}.Debug|Any CPU.Build.0 = Debug|Any CPU
		{A76C1B68-E03C-E0EC-4585-200C0C5D5880}.Release|Any CPU.ActiveCfg = Release|Any CPU
		{A76C1B68-E03C-E0EC-4585-200C0C5D5880}.Release|Any CPU.Build.0 = Release|Any CPU
		{FBEF4D3C-3A5C-2EBA-080C-54A616EE697E}.Debug|Any CPU.ActiveCfg = Debug|Any CPU
		{FBEF4D3C-3A5C-2EBA-080C-54A616EE697E}.Debug|Any CPU.Build.0 = Debug|Any CPU
		{FBEF4D3C-3A5C-2EBA-080C-54A616EE697E}.Release|Any CPU.ActiveCfg = Release|Any CPU
		{FBEF4D3C-3A5C-2EBA-080C-54A616EE697E}.Release|Any CPU.Build.0 = Release|Any CPU
		{96420C98-853C-20F6-AD93-13F2CB76FC23}.Debug|Any CPU.ActiveCfg = Debug|Any CPU
		{96420C98-853C-20F6-AD93-13F2CB76FC23}.Debug|Any CPU.Build.0 = Debug|Any CPU
		{96420C98-853C-20F6-AD93-13F2CB76FC23}.Release|Any CPU.ActiveCfg = Release|Any CPU
		{96420C98-853C-20F6-AD93-13F2CB76FC23}.Release|Any CPU.Build.0 = Release|Any CPU
		{6BD9A383-63E2-837C-A592-D039E818F043}.Debug|Any CPU.ActiveCfg = Debug|Any CPU
		{6BD9A383-63E2-837C-A592-D039E818F043}.Debug|Any CPU.Build.0 = Debug|Any CPU
		{6BD9A383-63E2-837C-A592-D039E818F043}.Release|Any CPU.ActiveCfg = Release|Any CPU
		{6BD9A383-63E2-837C-A592-D039E818F043}.Release|Any CPU.Build.0 = Release|Any CPU
		{1ADF5340-4C50-E6C4-5950-8F297A12A08E}.Debug|Any CPU.ActiveCfg = Debug|Any CPU
		{1ADF5340-4C50-E6C4-5950-8F297A12A08E}.Debug|Any CPU.Build.0 = Debug|Any CPU
		{1ADF5340-4C50-E6C4-5950-8F297A12A08E}.Release|Any CPU.ActiveCfg = Release|Any CPU
		{1ADF5340-4C50-E6C4-5950-8F297A12A08E}.Release|Any CPU.Build.0 = Release|Any CPU
		{4F53CF5F-06B5-EB40-938D-9EAAA0E7E22E}.Debug|Any CPU.ActiveCfg = Debug|Any CPU
		{4F53CF5F-06B5-EB40-938D-9EAAA0E7E22E}.Debug|Any CPU.Build.0 = Debug|Any CPU
		{4F53CF5F-06B5-EB40-938D-9EAAA0E7E22E}.Release|Any CPU.ActiveCfg = Release|Any CPU
		{4F53CF5F-06B5-EB40-938D-9EAAA0E7E22E}.Release|Any CPU.Build.0 = Release|Any CPU
		{D2DE3B80-8955-5A92-DD19-CD616371B6C0}.Debug|Any CPU.ActiveCfg = Debug|Any CPU
		{D2DE3B80-8955-5A92-DD19-CD616371B6C0}.Debug|Any CPU.Build.0 = Debug|Any CPU
		{D2DE3B80-8955-5A92-DD19-CD616371B6C0}.Release|Any CPU.ActiveCfg = Release|Any CPU
		{D2DE3B80-8955-5A92-DD19-CD616371B6C0}.Release|Any CPU.Build.0 = Release|Any CPU
		{EC5F1681-7788-A042-B976-33EF51F05CCF}.Debug|Any CPU.ActiveCfg = Debug|Any CPU
		{EC5F1681-7788-A042-B976-33EF51F05CCF}.Debug|Any CPU.Build.0 = Debug|Any CPU
		{EC5F1681-7788-A042-B976-33EF51F05CCF}.Release|Any CPU.ActiveCfg = Release|Any CPU
		{EC5F1681-7788-A042-B976-33EF51F05CCF}.Release|Any CPU.Build.0 = Release|Any CPU
		{5CC95C98-4004-3370-2B7B-F04ED0DB753C}.Debug|Any CPU.ActiveCfg = Debug|Any CPU
		{5CC95C98-4004-3370-2B7B-F04ED0DB753C}.Debug|Any CPU.Build.0 = Debug|Any CPU
		{5CC95C98-4004-3370-2B7B-F04ED0DB753C}.Release|Any CPU.ActiveCfg = Release|Any CPU
		{5CC95C98-4004-3370-2B7B-F04ED0DB753C}.Release|Any CPU.Build.0 = Release|Any CPU
		{64DA2871-B5D2-F45E-A53E-1849D5A19A7E}.Debug|Any CPU.ActiveCfg = Debug|Any CPU
		{64DA2871-B5D2-F45E-A53E-1849D5A19A7E}.Debug|Any CPU.Build.0 = Debug|Any CPU
		{64DA2871-B5D2-F45E-A53E-1849D5A19A7E}.Release|Any CPU.ActiveCfg = Release|Any CPU
		{64DA2871-B5D2-F45E-A53E-1849D5A19A7E}.Release|Any CPU.Build.0 = Release|Any CPU
		{1645D112-5440-E94A-0C9D-80241CBD9385}.Debug|Any CPU.ActiveCfg = Debug|Any CPU
		{1645D112-5440-E94A-0C9D-80241CBD9385}.Debug|Any CPU.Build.0 = Debug|Any CPU
		{1645D112-5440-E94A-0C9D-80241CBD9385}.Release|Any CPU.ActiveCfg = Release|Any CPU
		{1645D112-5440-E94A-0C9D-80241CBD9385}.Release|Any CPU.Build.0 = Release|Any CPU
		{1B7FC7A9-272C-699D-EBCB-C62AAF186209}.Debug|Any CPU.ActiveCfg = Debug|Any CPU
		{1B7FC7A9-272C-699D-EBCB-C62AAF186209}.Debug|Any CPU.Build.0 = Debug|Any CPU
		{1B7FC7A9-272C-699D-EBCB-C62AAF186209}.Release|Any CPU.ActiveCfg = Release|Any CPU
		{1B7FC7A9-272C-699D-EBCB-C62AAF186209}.Release|Any CPU.Build.0 = Release|Any CPU
		{06930692-7582-295E-4356-D023B6D26509}.Debug|Any CPU.ActiveCfg = Debug|Any CPU
		{06930692-7582-295E-4356-D023B6D26509}.Debug|Any CPU.Build.0 = Debug|Any CPU
		{06930692-7582-295E-4356-D023B6D26509}.Release|Any CPU.ActiveCfg = Release|Any CPU
		{06930692-7582-295E-4356-D023B6D26509}.Release|Any CPU.Build.0 = Release|Any CPU
		{5A08D939-E2E9-590C-D3A1-B81E2CCF15BA}.Debug|Any CPU.ActiveCfg = Debug|Any CPU
		{5A08D939-E2E9-590C-D3A1-B81E2CCF15BA}.Debug|Any CPU.Build.0 = Debug|Any CPU
		{5A08D939-E2E9-590C-D3A1-B81E2CCF15BA}.Release|Any CPU.ActiveCfg = Release|Any CPU
		{5A08D939-E2E9-590C-D3A1-B81E2CCF15BA}.Release|Any CPU.Build.0 = Release|Any CPU
		{DBBDF091-28E9-08C6-D523-80867C73943F}.Debug|Any CPU.ActiveCfg = Debug|Any CPU
		{DBBDF091-28E9-08C6-D523-80867C73943F}.Debug|Any CPU.Build.0 = Debug|Any CPU
		{DBBDF091-28E9-08C6-D523-80867C73943F}.Release|Any CPU.ActiveCfg = Release|Any CPU
		{DBBDF091-28E9-08C6-D523-80867C73943F}.Release|Any CPU.Build.0 = Release|Any CPU
		{66B9B8ED-AAFD-1C7B-938A-FB5B59259B7B}.Debug|Any CPU.ActiveCfg = Debug|Any CPU
		{66B9B8ED-AAFD-1C7B-938A-FB5B59259B7B}.Debug|Any CPU.Build.0 = Debug|Any CPU
		{66B9B8ED-AAFD-1C7B-938A-FB5B59259B7B}.Release|Any CPU.ActiveCfg = Release|Any CPU
		{66B9B8ED-AAFD-1C7B-938A-FB5B59259B7B}.Release|Any CPU.Build.0 = Release|Any CPU
		{99B094FD-E749-013B-46F5-3796E3543ADF}.Debug|Any CPU.ActiveCfg = Debug|Any CPU
		{99B094FD-E749-013B-46F5-3796E3543ADF}.Debug|Any CPU.Build.0 = Debug|Any CPU
		{99B094FD-E749-013B-46F5-3796E3543ADF}.Release|Any CPU.ActiveCfg = Release|Any CPU
		{99B094FD-E749-013B-46F5-3796E3543ADF}.Release|Any CPU.Build.0 = Release|Any CPU
	EndGlobalSection
	GlobalSection(SolutionProperties) = preSolution
		HideSolutionNode = FALSE
	EndGlobalSection
EndGlobal
