
Microsoft Visual Studio Solution File, Format Version 12.00
# Visual Studio 15
Project("{FAE04EC0-301F-11D3-BF4B-00C04F79EFBC}") = "Unity.Timeline", "Unity.Timeline.csproj", "{1D6D47C9-39F5-BFE7-3447-B6D269BC0F8B}"
EndProject
Project("{FAE04EC0-301F-11D3-BF4B-00C04F79EFBC}") = "Unity.Timeline.Editor", "Unity.Timeline.Editor.csproj", "{992E656A-DB3C-2D33-559C-1209947F7859}"
EndProject
Project("{FAE04EC0-301F-11D3-BF4B-00C04F79EFBC}") = "Unity.2D.Tilemap.Editor", "Unity.2D.Tilemap.Editor.csproj", "{3E903C32-FC86-F8E0-1E18-7EFFF435B7F2}"
EndProject
Project("{FAE04EC0-301F-11D3-BF4B-00C04F79EFBC}") = "Unity.TextMeshPro.Editor", "Unity.TextMeshPro.Editor.csproj", "{92CCF50B-D258-2246-9556-5F2394C1F47A}"
EndProject
Project("{FAE04EC0-301F-11D3-BF4B-00C04F79EFBC}") = "Unity.2D.Aseprite.Editor", "Unity.2D.Aseprite.Editor.csproj", "{93DCAAC7-0E45-6C37-22AC-38050C088332}"
EndProject
Project("{FAE04EC0-301F-11D3-BF4B-00C04F79EFBC}") = "Unity.VisualScripting.Flow", "Unity.VisualScripting.Flow.csproj", "{3977152D-E3B3-5D93-87B3-D18CD9846D74}"
EndProject
Project("{FAE04EC0-301F-11D3-BF4B-00C04F79EFBC}") = "UnityEditor.UI", "UnityEditor.UI.csproj", "{6422CB71-03B2-8E1A-A05F-E0E823867AD0}"
EndProject
Project("{FAE04EC0-301F-11D3-BF4B-00C04F79EFBC}") = "Unity.PlasticSCM.Editor", "Unity.PlasticSCM.Editor.csproj", "{4BD16EEC-04C1-682F-C893-1CDB87D1C750}"
EndProject
Project("{FAE04EC0-301F-11D3-BF4B-00C04F79EFBC}") = "Unity.2D.Psdimporter.Editor", "Unity.2D.Psdimporter.Editor.csproj", "{A9B9A7ED-622C-97AD-4556-70C5EC2CD585}"
EndProject
Project("{FAE04EC0-301F-11D3-BF4B-00C04F79EFBC}") = "Unity.VisualScripting.Core", "Unity.VisualScripting.Core.csproj", "{1BFAB9BC-7E7A-C6AA-ED2A-39C733073221}"
EndProject
Project("{FAE04EC0-301F-11D3-BF4B-00C04F79EFBC}") = "Unity.Mathematics", "Unity.Mathematics.csproj", "{CD8F41F9-A62F-2D59-7242-02FCAA927B46}"
EndProject
Project("{FAE04EC0-301F-11D3-BF4B-00C04F79EFBC}") = "Unity.2D.Animation.Editor", "Unity.2D.Animation.Editor.csproj", "{B7AB8C65-91F4-983C-637E-73A4CB104B3C}"
EndProject
Project("{FAE04EC0-301F-11D3-BF4B-00C04F79EFBC}") = "Unity.2D.Common.Path.Editor", "Unity.2D.Common.Path.Editor.csproj", "{F886683E-38D7-B04B-2908-85A87BE66819}"
EndProject
Project("{FAE04EC0-301F-11D3-BF4B-00C04F79EFBC}") = "Unity.VisualScripting.Core.Editor", "Unity.VisualScripting.Core.Editor.csproj", "{9A4501A3-9788-2441-D41B-446DEC948032}"
EndProject
Project("{FAE04EC0-301F-11D3-BF4B-00C04F79EFBC}") = "Unity.2D.IK.Runtime", "Unity.2D.IK.Runtime.csproj", "{97B0C83B-CAEA-16CC-35A0-6B784421ACA5}"
EndProject
Project("{FAE04EC0-301F-11D3-BF4B-00C04F79EFBC}") = "Unity.VisualScripting.Flow.Editor", "Unity.VisualScripting.Flow.Editor.csproj", "{2E70B01B-E133-90E6-58FD-A87F26BE1AA4}"
EndProject
Project("{FAE04EC0-301F-11D3-BF4B-00C04F79EFBC}") = "UnityEditor.TestRunner", "UnityEditor.TestRunner.csproj", "{C71D38D0-062A-75F3-2EB4-E8C4907E4C73}"
EndProject
Project("{FAE04EC0-301F-11D3-BF4B-00C04F79EFBC}") = "Assembly-CSharp", "Assembly-CSharp.csproj", "{E882E852-F0FB-23F3-985D-AEC37D44BE5F}"
EndProject
Project("{FAE04EC0-301F-11D3-BF4B-00C04F79EFBC}") = "Unity.VisualScripting.SettingsProvider.Editor", "Unity.VisualScripting.SettingsProvider.Editor.csproj", "{E35B96C7-4ADD-BAA2-963F-D10B86854D51}"
EndProject
Project("{FAE04EC0-301F-11D3-BF4B-00C04F79EFBC}") = "UnityEngine.TestRunner", "UnityEngine.TestRunner.csproj", "{FBC11D80-B2F8-A27D-1D6F-277C3713CF3B}"
EndProject
Project("{FAE04EC0-301F-11D3-BF4B-00C04F79EFBC}") = "PsdPlugin", "PsdPlugin.csproj", "{12B4EE78-B1CF-37B3-E42E-507CA015D552}"
EndProject
Project("{FAE04EC0-301F-11D3-BF4B-00C04F79EFBC}") = "Unity.Burst", "Unity.Burst.csproj", "{F9643339-745F-A3A0-950C-BB48798841CA}"
EndProject
Project("{FAE04EC0-301F-11D3-BF4B-00C04F79EFBC}") = "UnityEngine.UI", "UnityEngine.UI.csproj", "{A068DA27-745E-489C-3A6E-735D78BFEA77}"
EndProject
Project("{FAE04EC0-301F-11D3-BF4B-00C04F79EFBC}") = "Unity.AI.Navigation.Editor", "Unity.AI.Navigation.Editor.csproj", "{5B3D9119-7329-99C2-515E-4118891276F7}"
EndProject
Project("{FAE04EC0-301F-11D3-BF4B-00C04F79EFBC}") = "Unity.2D.SpriteShape.Editor", "Unity.2D.SpriteShape.Editor.csproj", "{ED1EA905-E77D-4F45-D016-A694827C3B19}"
EndProject
Project("{FAE04EC0-301F-11D3-BF4B-00C04F79EFBC}") = "Unity.Collections", "Unity.Collections.csproj", "{EE0EAF04-77E6-86F5-B151-FB0078C7D1ED}"
EndProject
Project("{FAE04EC0-301F-11D3-BF4B-00C04F79EFBC}") = "Unity.VisualStudio.Editor", "Unity.VisualStudio.Editor.csproj", "{BDF99B83-688F-BB04-28F6-D35CB8DB2D83}"
EndProject
Project("{FAE04EC0-301F-11D3-BF4B-00C04F79EFBC}") = "Unity.2D.Tilemap.Extras.Editor", "Unity.2D.Tilemap.Extras.Editor.csproj", "{EBDB40D8-7045-9160-49E3-7175E7B3378B}"
EndProject
Project("{FAE04EC0-301F-11D3-BF4B-00C04F79EFBC}") = "Unity.Rider.Editor", "Unity.Rider.Editor.csproj", "{38C62262-E6DC-9193-D797-8A9793539019}"
EndProject
Project("{FAE04EC0-301F-11D3-BF4B-00C04F79EFBC}") = "Unity.Postprocessing.Runtime", "Unity.Postprocessing.Runtime.csproj", "{01AD0EC8-3A6E-6F40-F0D9-1A63E6D8F4A9}"
EndProject
Project("{FAE04EC0-301F-11D3-BF4B-00C04F79EFBC}") = "Unity.InternalAPIEditorBridge.001", "Unity.InternalAPIEditorBridge.001.csproj", "{F190C126-DDC1-17BE-349E-68C7DD5D8EB0}"
EndProject
Project("{FAE04EC0-301F-11D3-BF4B-00C04F79EFBC}") = "Unity.2D.SpriteShape.Runtime", "Unity.2D.SpriteShape.Runtime.csproj", "{00C8B1B1-F50A-3A8E-7C88-B496ECC30EF2}"
EndProject
Project("{FAE04EC0-301F-11D3-BF4B-00C04F79EFBC}") = "Unity.AI.Navigation", "Unity.AI.Navigation.csproj", "{5DA78A5E-6727-1749-5C89-6E1E51723A38}"
EndProject
Project("{FAE04EC0-301F-11D3-BF4B-00C04F79EFBC}") = "Unity.AI.Navigation.Editor.ConversionSystem", "Unity.AI.Navigation.Editor.ConversionSystem.csproj", "{D7A6B311-E902-36E5-45E6-7355C52741C6}"
EndProject
Project("{FAE04EC0-301F-11D3-BF4B-00C04F79EFBC}") = "Unity.VisualScripting.State.Editor", "Unity.VisualScripting.State.Editor.csproj", "{3C0737CE-A377-75F2-8881-4D228B6717D4}"
EndProject
Project("{FAE04EC0-301F-11D3-BF4B-00C04F79EFBC}") = "Unity.2D.Animation.Runtime", "Unity.2D.Animation.Runtime.csproj", "{0FEED25E-9459-E9C7-735E-D50AF6A7F518}"
EndProject
Project("{FAE04EC0-301F-11D3-BF4B-00C04F79EFBC}") = "NavMeshPlus", "NavMeshPlus.csproj", "{45E53F53-61E3-F80F-466C-62EB7A385E3A}"
EndProject
Project("{FAE04EC0-301F-11D3-BF4B-00C04F79EFBC}") = "Unity.Burst.CodeGen", "Unity.Burst.CodeGen.csproj", "{ACBE57A5-41B2-C4A5-8D13-923BBA8B0490}"
EndProject
Project("{FAE04EC0-301F-11D3-BF4B-00C04F79EFBC}") = "Unity.Postprocessing.Editor", "Unity.Postprocessing.Editor.csproj", "{0167E303-F12A-AA14-E58F-587E118A941E}"
EndProject
Project("{FAE04EC0-301F-11D3-BF4B-00C04F79EFBC}") = "Unity.2D.Tilemap.Extras", "Unity.2D.Tilemap.Extras.csproj", "{6D28DFDC-2C9A-2A42-27FE-516C4BF6A935}"
EndProject
Project("{FAE04EC0-301F-11D3-BF4B-00C04F79EFBC}") = "Unity.VisualScripting.State", "Unity.VisualScripting.State.csproj", "{8B75ECF0-D9ED-D33B-F786-3732A944B078}"
EndProject
Project("{FAE04EC0-301F-11D3-BF4B-00C04F79EFBC}") = "Unity.TextMeshPro", "Unity.TextMeshPro.csproj", "{EE42275B-5E12-F303-B38C-B26DCA2D0FDE}"
EndProject
Project("{FAE04EC0-301F-11D3-BF4B-00C04F79EFBC}") = "Unity.2D.Aseprite.Common", "Unity.2D.Aseprite.Common.csproj", "{CFA412F0-F546-D872-8BBC-91FF0D78FDD2}"
EndProject
Project("{FAE04EC0-301F-11D3-BF4B-00C04F79EFBC}") = "Unity.VSCode.Editor", "Unity.VSCode.Editor.csproj", "{93A783EB-7AEA-D3C6-4F15-97EFDB08EA7D}"
EndProject
Project("{FAE04EC0-301F-11D3-BF4B-00C04F79EFBC}") = "Unity.2D.IK.Editor", "Unity.2D.IK.Editor.csproj", "{925AB81A-B06A-6CF7-9548-F048183BBBA4}"
EndProject
Project("{FAE04EC0-301F-11D3-BF4B-00C04F79EFBC}") = "Unity.InternalAPIEngineBridge.001", "Unity.InternalAPIEngineBridge.001.csproj", "{232B5A85-F304-349D-2B75-AF457B8CDD91}"
EndProject
Project("{FAE04EC0-301F-11D3-BF4B-00C04F79EFBC}") = "Unity.Burst.Editor", "Unity.Burst.Editor.csproj", "{0FD69615-B62D-A527-4297-8B764B5783CD}"
EndProject
Project("{FAE04EC0-301F-11D3-BF4B-00C04F79EFBC}") = "Unity.2D.Common.Editor", "Unity.2D.Common.Editor.csproj", "{1E562CDA-B9AF-769F-7FF6-D7DD967FF809}"
EndProject
Project("{FAE04EC0-301F-11D3-BF4B-00C04F79EFBC}") = "Unity.2D.Sprite.Editor", "Unity.2D.Sprite.Editor.csproj", "{274BF4CF-3AE4-3D68-BEC9-EB1DDDC8D7AD}"
EndProject
Project("{FAE04EC0-301F-11D3-BF4B-00C04F79EFBC}") = "NavMeshPlusEditor", "NavMeshPlusEditor.csproj", "{81F771A3-957C-5C6C-43F6-E842096519A9}"
EndProject
Project("{FAE04EC0-301F-11D3-BF4B-00C04F79EFBC}") = "Unity.AI.Navigation.Updater", "Unity.AI.Navigation.Updater.csproj", "{984CFDB3-1B9C-BFB5-264A-F8BFD6CFAB6C}"
EndProject
Project("{FAE04EC0-301F-11D3-BF4B-00C04F79EFBC}") = "Unity.2D.PixelPerfect", "Unity.2D.PixelPerfect.csproj", "{4ECE5F8B-6756-6116-F254-3127667979FD}"
EndProject
Project("{FAE04EC0-301F-11D3-BF4B-00C04F79EFBC}") = "Unity.2D.PixelPerfect.Editor", "Unity.2D.PixelPerfect.Editor.csproj", "{5771F620-3448-32E3-6B69-DB2E19C6D360}"
EndProject
Project("{FAE04EC0-301F-11D3-BF4B-00C04F79EFBC}") = "Unity.2D.Common.Runtime", "Unity.2D.Common.Runtime.csproj", "{F244AE92-CD21-A3B9-2D97-3643E40CEFBF}"
EndProject
Project("{FAE04EC0-301F-11D3-BF4B-00C04F79EFBC}") = "Unity.Mathematics.Editor", "Unity.Mathematics.Editor.csproj", "{CD2E6344-17BB-CEB9-805C-723CDF1CF2CD}"
EndProject
Project("{FAE04EC0-301F-11D3-BF4B-00C04F79EFBC}") = "Unity.Collections.BurstCompatibilityGen", "Unity.Collections.BurstCompatibilityGen.csproj", "{7ECB36A1-FCC3-261A-6980-A5242C4F4A84}"
EndProject
Project("{FAE04EC0-301F-11D3-BF4B-00C04F79EFBC}") = "Unity.InternalAPIEditorBridge.005", "Unity.InternalAPIEditorBridge.005.csproj", "{B3E929E1-2C9D-E3E0-360D-0C0326DBABBF}"
EndProject
Project("{FAE04EC0-301F-11D3-BF4B-00C04F79EFBC}") = "Unity.VisualScripting.Shared.Editor", "Unity.VisualScripting.Shared.Editor.csproj", "{298E6F90-3839-1B07-420D-79A1BE19BBBA}"
EndProject
Project("{FAE04EC0-301F-11D3-BF4B-00C04F79EFBC}") = "Unity.Collections.DocCodeSamples", "Unity.Collections.DocCodeSamples.csproj", "{EC9E4310-14F9-2981-42BB-550C20E6B130}"
EndProject
Project("{FAE04EC0-301F-11D3-BF4B-00C04F79EFBC}") = "Unity.CollabProxy.Editor", "Unity.CollabProxy.Editor.csproj", "{BD89A019-B709-3A40-6F17-F6AB20D434EE}"
EndProject
Project("{FAE04EC0-301F-11D3-BF4B-00C04F79EFBC}") = "Unity.Timeline", "Unity.Timeline.Player.csproj", "{1AC06B43-C8B7-1A13-B162-11A4A02AD5DB}"
EndProject
Project("{FAE04EC0-301F-11D3-BF4B-00C04F79EFBC}") = "Unity.VisualScripting.Flow", "Unity.VisualScripting.Flow.Player.csproj", "{61A0BE7A-8BA3-A588-442B-B4FFB7F75611}"
EndProject
Project("{FAE04EC0-301F-11D3-BF4B-00C04F79EFBC}") = "Unity.VisualScripting.Core", "Unity.VisualScripting.Core.Player.csproj", "{915B7884-EC8B-FCEB-CF98-3AE0D7D8D7B6}"
EndProject
Project("{FAE04EC0-301F-11D3-BF4B-00C04F79EFBC}") = "Unity.Mathematics", "Unity.Mathematics.Player.csproj", "{B92F81C0-4AE7-ECD3-E074-3D508DE26572}"
EndProject
Project("{FAE04EC0-301F-11D3-BF4B-00C04F79EFBC}") = "Unity.2D.IK.Runtime", "Unity.2D.IK.Runtime.Player.csproj", "{AC7323EE-DD88-ABB8-E1BF-37A54716F361}"
EndProject
Project("{FAE04EC0-301F-11D3-BF4B-00C04F79EFBC}") = "Assembly-CSharp", "Assembly-CSharp.Player.csproj", "{0CB9BB78-3805-FB1E-551D-CEF0DCCD4B04}"
EndProject
Project("{FAE04EC0-301F-11D3-BF4B-00C04F79EFBC}") = "UnityEngine.TestRunner", "UnityEngine.TestRunner.Player.csproj", "{998B67E8-2A6F-ACFD-8255-EE799FDFDAF3}"
EndProject
Project("{FAE04EC0-301F-11D3-BF4B-00C04F79EFBC}") = "Unity.Burst", "Unity.Burst.Player.csproj", "{7B7A12ED-4A94-1273-99AF-235F2260D058}"
EndProject
Project("{FAE04EC0-301F-11D3-BF4B-00C04F79EFBC}") = "UnityEngine.UI", "UnityEngine.UI.Player.csproj", "{9D0FC85E-29F5-D651-D69D-879FA9B0B10E}"
EndProject
Project("{FAE04EC0-301F-11D3-BF4B-00C04F79EFBC}") = "Unity.Collections", "Unity.Collections.Player.csproj", "{28511691-D44B-DC5F-2E4B-0FA9752AFFFE}"
EndProject
Project("{FAE04EC0-301F-11D3-BF4B-00C04F79EFBC}") = "Unity.Postprocessing.Runtime", "Unity.Postprocessing.Runtime.Player.csproj", "{C1C5A6F9-9C4E-AAFB-BD9B-10FA10175E74}"
EndProject
Project("{FAE04EC0-301F-11D3-BF4B-00C04F79EFBC}") = "Unity.2D.SpriteShape.Runtime", "Unity.2D.SpriteShape.Runtime.Player.csproj", "{F9407BBE-F0DF-5D9A-2F28-EC8932727083}"
EndProject
Project("{FAE04EC0-301F-11D3-BF4B-00C04F79EFBC}") = "Unity.AI.Navigation", "Unity.AI.Navigation.Player.csproj", "{7EA20011-2340-8CD2-7EBE-F34C46779CEC}"
EndProject
Project("{FAE04EC0-301F-11D3-BF4B-00C04F79EFBC}") = "Unity.2D.Animation.Runtime", "Unity.2D.Animation.Runtime.Player.csproj", "{A717FFE0-CCB5-BF3C-F255-27A0A060559A}"
EndProject
Project("{FAE04EC0-301F-11D3-BF4B-00C04F79EFBC}") = "NavMeshPlus", "NavMeshPlus.Player.csproj", "{7A77231E-36B4-7B41-74BF-96E59BF5D913}"
EndProject
Project("{FAE04EC0-301F-11D3-BF4B-00C04F79EFBC}") = "Unity.2D.Tilemap.Extras", "Unity.2D.Tilemap.Extras.Player.csproj", "{786A2127-EAC5-26FE-4981-57D16A75625B}"
EndProject
Project("{FAE04EC0-301F-11D3-BF4B-00C04F79EFBC}") = "Unity.VisualScripting.State", "Unity.VisualScripting.State.Player.csproj", "{38AA06CC-1AD7-5AC4-9697-4FFC64617B09}"
EndProject
Project("{FAE04EC0-301F-11D3-BF4B-00C04F79EFBC}") = "Unity.TextMeshPro", "Unity.TextMeshPro.Player.csproj", "{077150FD-7360-12C4-089E-31DFCBB52447}"
EndProject
Project("{FAE04EC0-301F-11D3-BF4B-00C04F79EFBC}") = "Unity.InternalAPIEngineBridge.001", "Unity.InternalAPIEngineBridge.001.Player.csproj", "{6CDDFE0B-5423-ADBE-200A-D3E77D8EC2D3}"
EndProject
Project("{FAE04EC0-301F-11D3-BF4B-00C04F79EFBC}") = "Unity.2D.PixelPerfect", "Unity.2D.PixelPerfect.Player.csproj", "{63D0CAF9-5E76-8B8F-0881-6E00AEEE09DE}"
EndProject
Project("{FAE04EC0-301F-11D3-BF4B-00C04F79EFBC}") = "Unity.2D.Common.Runtime", "Unity.2D.Common.Runtime.Player.csproj", "{6AC3D35D-A514-9229-7777-3A7D3CDB26F1}"
EndProject
Global
	GlobalSection(SolutionConfigurationPlatforms) = preSolution
		Debug|Any CPU = Debug|Any CPU
		Release|Any CPU = Release|Any CPU
	EndGlobalSection
	GlobalSection(ProjectConfigurationPlatforms) = postSolution
		{1D6D47C9-39F5-BFE7-3447-B6D269BC0F8B}.Debug|Any CPU.ActiveCfg = Debug|Any CPU
		{1D6D47C9-39F5-BFE7-3447-B6D269BC0F8B}.Debug|Any CPU.Build.0 = Debug|Any CPU
		{1D6D47C9-39F5-BFE7-3447-B6D269BC0F8B}.Release|Any CPU.ActiveCfg = Release|Any CPU
		{1D6D47C9-39F5-BFE7-3447-B6D269BC0F8B}.Release|Any CPU.Build.0 = Release|Any CPU
		{992E656A-DB3C-2D33-559C-1209947F7859}.Debug|Any CPU.ActiveCfg = Debug|Any CPU
		{992E656A-DB3C-2D33-559C-1209947F7859}.Debug|Any CPU.Build.0 = Debug|Any CPU
		{992E656A-DB3C-2D33-559C-1209947F7859}.Release|Any CPU.ActiveCfg = Release|Any CPU
		{992E656A-DB3C-2D33-559C-1209947F7859}.Release|Any CPU.Build.0 = Release|Any CPU
		{3E903C32-FC86-F8E0-1E18-7EFFF435B7F2}.Debug|Any CPU.ActiveCfg = Debug|Any CPU
		{3E903C32-FC86-F8E0-1E18-7EFFF435B7F2}.Debug|Any CPU.Build.0 = Debug|Any CPU
		{3E903C32-FC86-F8E0-1E18-7EFFF435B7F2}.Release|Any CPU.ActiveCfg = Release|Any CPU
		{3E903C32-FC86-F8E0-1E18-7EFFF435B7F2}.Release|Any CPU.Build.0 = Release|Any CPU
		{92CCF50B-D258-2246-9556-5F2394C1F47A}.Debug|Any CPU.ActiveCfg = Debug|Any CPU
		{92CCF50B-D258-2246-9556-5F2394C1F47A}.Debug|Any CPU.Build.0 = Debug|Any CPU
		{92CCF50B-D258-2246-9556-5F2394C1F47A}.Release|Any CPU.ActiveCfg = Release|Any CPU
		{92CCF50B-D258-2246-9556-5F2394C1F47A}.Release|Any CPU.Build.0 = Release|Any CPU
		{93DCAAC7-0E45-6C37-22AC-38050C088332}.Debug|Any CPU.ActiveCfg = Debug|Any CPU
		{93DCAAC7-0E45-6C37-22AC-38050C088332}.Debug|Any CPU.Build.0 = Debug|Any CPU
		{93DCAAC7-0E45-6C37-22AC-38050C088332}.Release|Any CPU.ActiveCfg = Release|Any CPU
		{93DCAAC7-0E45-6C37-22AC-38050C088332}.Release|Any CPU.Build.0 = Release|Any CPU
		{3977152D-E3B3-5D93-87B3-D18CD9846D74}.Debug|Any CPU.ActiveCfg = Debug|Any CPU
		{3977152D-E3B3-5D93-87B3-D18CD9846D74}.Debug|Any CPU.Build.0 = Debug|Any CPU
		{3977152D-E3B3-5D93-87B3-D18CD9846D74}.Release|Any CPU.ActiveCfg = Release|Any CPU
		{3977152D-E3B3-5D93-87B3-D18CD9846D74}.Release|Any CPU.Build.0 = Release|Any CPU
		{6422CB71-03B2-8E1A-A05F-E0E823867AD0}.Debug|Any CPU.ActiveCfg = Debug|Any CPU
		{6422CB71-03B2-8E1A-A05F-E0E823867AD0}.Debug|Any CPU.Build.0 = Debug|Any CPU
		{6422CB71-03B2-8E1A-A05F-E0E823867AD0}.Release|Any CPU.ActiveCfg = Release|Any CPU
		{6422CB71-03B2-8E1A-A05F-E0E823867AD0}.Release|Any CPU.Build.0 = Release|Any CPU
		{4BD16EEC-04C1-682F-C893-1CDB87D1C750}.Debug|Any CPU.ActiveCfg = Debug|Any CPU
		{4BD16EEC-04C1-682F-C893-1CDB87D1C750}.Debug|Any CPU.Build.0 = Debug|Any CPU
		{4BD16EEC-04C1-682F-C893-1CDB87D1C750}.Release|Any CPU.ActiveCfg = Release|Any CPU
		{4BD16EEC-04C1-682F-C893-1CDB87D1C750}.Release|Any CPU.Build.0 = Release|Any CPU
		{A9B9A7ED-622C-97AD-4556-70C5EC2CD585}.Debug|Any CPU.ActiveCfg = Debug|Any CPU
		{A9B9A7ED-622C-97AD-4556-70C5EC2CD585}.Debug|Any CPU.Build.0 = Debug|Any CPU
		{A9B9A7ED-622C-97AD-4556-70C5EC2CD585}.Release|Any CPU.ActiveCfg = Release|Any CPU
		{A9B9A7ED-622C-97AD-4556-70C5EC2CD585}.Release|Any CPU.Build.0 = Release|Any CPU
		{1BFAB9BC-7E7A-C6AA-ED2A-39C733073221}.Debug|Any CPU.ActiveCfg = Debug|Any CPU
		{1BFAB9BC-7E7A-C6AA-ED2A-39C733073221}.Debug|Any CPU.Build.0 = Debug|Any CPU
		{1BFAB9BC-7E7A-C6AA-ED2A-39C733073221}.Release|Any CPU.ActiveCfg = Release|Any CPU
		{1BFAB9BC-7E7A-C6AA-ED2A-39C733073221}.Release|Any CPU.Build.0 = Release|Any CPU
		{CD8F41F9-A62F-2D59-7242-02FCAA927B46}.Debug|Any CPU.ActiveCfg = Debug|Any CPU
		{CD8F41F9-A62F-2D59-7242-02FCAA927B46}.Debug|Any CPU.Build.0 = Debug|Any CPU
		{CD8F41F9-A62F-2D59-7242-02FCAA927B46}.Release|Any CPU.ActiveCfg = Release|Any CPU
		{CD8F41F9-A62F-2D59-7242-02FCAA927B46}.Release|Any CPU.Build.0 = Release|Any CPU
		{B7AB8C65-91F4-983C-637E-73A4CB104B3C}.Debug|Any CPU.ActiveCfg = Debug|Any CPU
		{B7AB8C65-91F4-983C-637E-73A4CB104B3C}.Debug|Any CPU.Build.0 = Debug|Any CPU
		{B7AB8C65-91F4-983C-637E-73A4CB104B3C}.Release|Any CPU.ActiveCfg = Release|Any CPU
		{B7AB8C65-91F4-983C-637E-73A4CB104B3C}.Release|Any CPU.Build.0 = Release|Any CPU
		{F886683E-38D7-B04B-2908-85A87BE66819}.Debug|Any CPU.ActiveCfg = Debug|Any CPU
		{F886683E-38D7-B04B-2908-85A87BE66819}.Debug|Any CPU.Build.0 = Debug|Any CPU
		{F886683E-38D7-B04B-2908-85A87BE66819}.Release|Any CPU.ActiveCfg = Release|Any CPU
		{F886683E-38D7-B04B-2908-85A87BE66819}.Release|Any CPU.Build.0 = Release|Any CPU
		{9A4501A3-9788-2441-D41B-446DEC948032}.Debug|Any CPU.ActiveCfg = Debug|Any CPU
		{9A4501A3-9788-2441-D41B-446DEC948032}.Debug|Any CPU.Build.0 = Debug|Any CPU
		{9A4501A3-9788-2441-D41B-446DEC948032}.Release|Any CPU.ActiveCfg = Release|Any CPU
		{9A4501A3-9788-2441-D41B-446DEC948032}.Release|Any CPU.Build.0 = Release|Any CPU
		{97B0C83B-CAEA-16CC-35A0-6B784421ACA5}.Debug|Any CPU.ActiveCfg = Debug|Any CPU
		{97B0C83B-CAEA-16CC-35A0-6B784421ACA5}.Debug|Any CPU.Build.0 = Debug|Any CPU
		{97B0C83B-CAEA-16CC-35A0-6B784421ACA5}.Release|Any CPU.ActiveCfg = Release|Any CPU
		{97B0C83B-CAEA-16CC-35A0-6B784421ACA5}.Release|Any CPU.Build.0 = Release|Any CPU
		{2E70B01B-E133-90E6-58FD-A87F26BE1AA4}.Debug|Any CPU.ActiveCfg = Debug|Any CPU
		{2E70B01B-E133-90E6-58FD-A87F26BE1AA4}.Debug|Any CPU.Build.0 = Debug|Any CPU
		{2E70B01B-E133-90E6-58FD-A87F26BE1AA4}.Release|Any CPU.ActiveCfg = Release|Any CPU
		{2E70B01B-E133-90E6-58FD-A87F26BE1AA4}.Release|Any CPU.Build.0 = Release|Any CPU
		{C71D38D0-062A-75F3-2EB4-E8C4907E4C73}.Debug|Any CPU.ActiveCfg = Debug|Any CPU
		{C71D38D0-062A-75F3-2EB4-E8C4907E4C73}.Debug|Any CPU.Build.0 = Debug|Any CPU
		{C71D38D0-062A-75F3-2EB4-E8C4907E4C73}.Release|Any CPU.ActiveCfg = Release|Any CPU
		{C71D38D0-062A-75F3-2EB4-E8C4907E4C73}.Release|Any CPU.Build.0 = Release|Any CPU
		{E882E852-F0FB-23F3-985D-AEC37D44BE5F}.Debug|Any CPU.ActiveCfg = Debug|Any CPU
		{E882E852-F0FB-23F3-985D-AEC37D44BE5F}.Debug|Any CPU.Build.0 = Debug|Any CPU
		{E882E852-F0FB-23F3-985D-AEC37D44BE5F}.Release|Any CPU.ActiveCfg = Release|Any CPU
		{E882E852-F0FB-23F3-985D-AEC37D44BE5F}.Release|Any CPU.Build.0 = Release|Any CPU
		{E35B96C7-4ADD-BAA2-963F-D10B86854D51}.Debug|Any CPU.ActiveCfg = Debug|Any CPU
		{E35B96C7-4ADD-BAA2-963F-D10B86854D51}.Debug|Any CPU.Build.0 = Debug|Any CPU
		{E35B96C7-4ADD-BAA2-963F-D10B86854D51}.Release|Any CPU.ActiveCfg = Release|Any CPU
		{E35B96C7-4ADD-BAA2-963F-D10B86854D51}.Release|Any CPU.Build.0 = Release|Any CPU
		{FBC11D80-B2F8-A27D-1D6F-277C3713CF3B}.Debug|Any CPU.ActiveCfg = Debug|Any CPU
		{FBC11D80-B2F8-A27D-1D6F-277C3713CF3B}.Debug|Any CPU.Build.0 = Debug|Any CPU
		{FBC11D80-B2F8-A27D-1D6F-277C3713CF3B}.Release|Any CPU.ActiveCfg = Release|Any CPU
		{FBC11D80-B2F8-A27D-1D6F-277C3713CF3B}.Release|Any CPU.Build.0 = Release|Any CPU
		{12B4EE78-B1CF-37B3-E42E-507CA015D552}.Debug|Any CPU.ActiveCfg = Debug|Any CPU
		{12B4EE78-B1CF-37B3-E42E-507CA015D552}.Debug|Any CPU.Build.0 = Debug|Any CPU
		{12B4EE78-B1CF-37B3-E42E-507CA015D552}.Release|Any CPU.ActiveCfg = Release|Any CPU
		{12B4EE78-B1CF-37B3-E42E-507CA015D552}.Release|Any CPU.Build.0 = Release|Any CPU
		{F9643339-745F-A3A0-950C-BB48798841CA}.Debug|Any CPU.ActiveCfg = Debug|Any CPU
		{F9643339-745F-A3A0-950C-BB48798841CA}.Debug|Any CPU.Build.0 = Debug|Any CPU
		{F9643339-745F-A3A0-950C-BB48798841CA}.Release|Any CPU.ActiveCfg = Release|Any CPU
		{F9643339-745F-A3A0-950C-BB48798841CA}.Release|Any CPU.Build.0 = Release|Any CPU
		{A068DA27-745E-489C-3A6E-735D78BFEA77}.Debug|Any CPU.ActiveCfg = Debug|Any CPU
		{A068DA27-745E-489C-3A6E-735D78BFEA77}.Debug|Any CPU.Build.0 = Debug|Any CPU
		{A068DA27-745E-489C-3A6E-735D78BFEA77}.Release|Any CPU.ActiveCfg = Release|Any CPU
		{A068DA27-745E-489C-3A6E-735D78BFEA77}.Release|Any CPU.Build.0 = Release|Any CPU
		{5B3D9119-7329-99C2-515E-4118891276F7}.Debug|Any CPU.ActiveCfg = Debug|Any CPU
		{5B3D9119-7329-99C2-515E-4118891276F7}.Debug|Any CPU.Build.0 = Debug|Any CPU
		{5B3D9119-7329-99C2-515E-4118891276F7}.Release|Any CPU.ActiveCfg = Release|Any CPU
		{5B3D9119-7329-99C2-515E-4118891276F7}.Release|Any CPU.Build.0 = Release|Any CPU
		{ED1EA905-E77D-4F45-D016-A694827C3B19}.Debug|Any CPU.ActiveCfg = Debug|Any CPU
		{ED1EA905-E77D-4F45-D016-A694827C3B19}.Debug|Any CPU.Build.0 = Debug|Any CPU
		{ED1EA905-E77D-4F45-D016-A694827C3B19}.Release|Any CPU.ActiveCfg = Release|Any CPU
		{ED1EA905-E77D-4F45-D016-A694827C3B19}.Release|Any CPU.Build.0 = Release|Any CPU
		{EE0EAF04-77E6-86F5-B151-FB0078C7D1ED}.Debug|Any CPU.ActiveCfg = Debug|Any CPU
		{EE0EAF04-77E6-86F5-B151-FB0078C7D1ED}.Debug|Any CPU.Build.0 = Debug|Any CPU
		{EE0EAF04-77E6-86F5-B151-FB0078C7D1ED}.Release|Any CPU.ActiveCfg = Release|Any CPU
		{EE0EAF04-77E6-86F5-B151-FB0078C7D1ED}.Release|Any CPU.Build.0 = Release|Any CPU
		{BDF99B83-688F-BB04-28F6-D35CB8DB2D83}.Debug|Any CPU.ActiveCfg = Debug|Any CPU
		{BDF99B83-688F-BB04-28F6-D35CB8DB2D83}.Debug|Any CPU.Build.0 = Debug|Any CPU
		{BDF99B83-688F-BB04-28F6-D35CB8DB2D83}.Release|Any CPU.ActiveCfg = Release|Any CPU
		{BDF99B83-688F-BB04-28F6-D35CB8DB2D83}.Release|Any CPU.Build.0 = Release|Any CPU
		{EBDB40D8-7045-9160-49E3-7175E7B3378B}.Debug|Any CPU.ActiveCfg = Debug|Any CPU
		{EBDB40D8-7045-9160-49E3-7175E7B3378B}.Debug|Any CPU.Build.0 = Debug|Any CPU
		{EBDB40D8-7045-9160-49E3-7175E7B3378B}.Release|Any CPU.ActiveCfg = Release|Any CPU
		{EBDB40D8-7045-9160-49E3-7175E7B3378B}.Release|Any CPU.Build.0 = Release|Any CPU
		{38C62262-E6DC-9193-D797-8A9793539019}.Debug|Any CPU.ActiveCfg = Debug|Any CPU
		{38C62262-E6DC-9193-D797-8A9793539019}.Debug|Any CPU.Build.0 = Debug|Any CPU
		{38C62262-E6DC-9193-D797-8A9793539019}.Release|Any CPU.ActiveCfg = Release|Any CPU
		{38C62262-E6DC-9193-D797-8A9793539019}.Release|Any CPU.Build.0 = Release|Any CPU
		{01AD0EC8-3A6E-6F40-F0D9-1A63E6D8F4A9}.Debug|Any CPU.ActiveCfg = Debug|Any CPU
		{01AD0EC8-3A6E-6F40-F0D9-1A63E6D8F4A9}.Debug|Any CPU.Build.0 = Debug|Any CPU
		{01AD0EC8-3A6E-6F40-F0D9-1A63E6D8F4A9}.Release|Any CPU.ActiveCfg = Release|Any CPU
		{01AD0EC8-3A6E-6F40-F0D9-1A63E6D8F4A9}.Release|Any CPU.Build.0 = Release|Any CPU
		{F190C126-DDC1-17BE-349E-68C7DD5D8EB0}.Debug|Any CPU.ActiveCfg = Debug|Any CPU
		{F190C126-DDC1-17BE-349E-68C7DD5D8EB0}.Debug|Any CPU.Build.0 = Debug|Any CPU
		{F190C126-DDC1-17BE-349E-68C7DD5D8EB0}.Release|Any CPU.ActiveCfg = Release|Any CPU
		{F190C126-DDC1-17BE-349E-68C7DD5D8EB0}.Release|Any CPU.Build.0 = Release|Any CPU
		{00C8B1B1-F50A-3A8E-7C88-B496ECC30EF2}.Debug|Any CPU.ActiveCfg = Debug|Any CPU
		{00C8B1B1-F50A-3A8E-7C88-B496ECC30EF2}.Debug|Any CPU.Build.0 = Debug|Any CPU
		{00C8B1B1-F50A-3A8E-7C88-B496ECC30EF2}.Release|Any CPU.ActiveCfg = Release|Any CPU
		{00C8B1B1-F50A-3A8E-7C88-B496ECC30EF2}.Release|Any CPU.Build.0 = Release|Any CPU
		{5DA78A5E-6727-1749-5C89-6E1E51723A38}.Debug|Any CPU.ActiveCfg = Debug|Any CPU
		{5DA78A5E-6727-1749-5C89-6E1E51723A38}.Debug|Any CPU.Build.0 = Debug|Any CPU
		{5DA78A5E-6727-1749-5C89-6E1E51723A38}.Release|Any CPU.ActiveCfg = Release|Any CPU
		{5DA78A5E-6727-1749-5C89-6E1E51723A38}.Release|Any CPU.Build.0 = Release|Any CPU
		{D7A6B311-E902-36E5-45E6-7355C52741C6}.Debug|Any CPU.ActiveCfg = Debug|Any CPU
		{D7A6B311-E902-36E5-45E6-7355C52741C6}.Debug|Any CPU.Build.0 = Debug|Any CPU
		{D7A6B311-E902-36E5-45E6-7355C52741C6}.Release|Any CPU.ActiveCfg = Release|Any CPU
		{D7A6B311-E902-36E5-45E6-7355C52741C6}.Release|Any CPU.Build.0 = Release|Any CPU
		{3C0737CE-A377-75F2-8881-4D228B6717D4}.Debug|Any CPU.ActiveCfg = Debug|Any CPU
		{3C0737CE-A377-75F2-8881-4D228B6717D4}.Debug|Any CPU.Build.0 = Debug|Any CPU
		{3C0737CE-A377-75F2-8881-4D228B6717D4}.Release|Any CPU.ActiveCfg = Release|Any CPU
		{3C0737CE-A377-75F2-8881-4D228B6717D4}.Release|Any CPU.Build.0 = Release|Any CPU
		{0FEED25E-9459-E9C7-735E-D50AF6A7F518}.Debug|Any CPU.ActiveCfg = Debug|Any CPU
		{0FEED25E-9459-E9C7-735E-D50AF6A7F518}.Debug|Any CPU.Build.0 = Debug|Any CPU
		{0FEED25E-9459-E9C7-735E-D50AF6A7F518}.Release|Any CPU.ActiveCfg = Release|Any CPU
		{0FEED25E-9459-E9C7-735E-D50AF6A7F518}.Release|Any CPU.Build.0 = Release|Any CPU
		{45E53F53-61E3-F80F-466C-62EB7A385E3A}.Debug|Any CPU.ActiveCfg = Debug|Any CPU
		{45E53F53-61E3-F80F-466C-62EB7A385E3A}.Debug|Any CPU.Build.0 = Debug|Any CPU
		{45E53F53-61E3-F80F-466C-62EB7A385E3A}.Release|Any CPU.ActiveCfg = Release|Any CPU
		{45E53F53-61E3-F80F-466C-62EB7A385E3A}.Release|Any CPU.Build.0 = Release|Any CPU
		{ACBE57A5-41B2-C4A5-8D13-923BBA8B0490}.Debug|Any CPU.ActiveCfg = Debug|Any CPU
		{ACBE57A5-41B2-C4A5-8D13-923BBA8B0490}.Debug|Any CPU.Build.0 = Debug|Any CPU
		{ACBE57A5-41B2-C4A5-8D13-923BBA8B0490}.Release|Any CPU.ActiveCfg = Release|Any CPU
		{ACBE57A5-41B2-C4A5-8D13-923BBA8B0490}.Release|Any CPU.Build.0 = Release|Any CPU
		{0167E303-F12A-AA14-E58F-587E118A941E}.Debug|Any CPU.ActiveCfg = Debug|Any CPU
		{0167E303-F12A-AA14-E58F-587E118A941E}.Debug|Any CPU.Build.0 = Debug|Any CPU
		{0167E303-F12A-AA14-E58F-587E118A941E}.Release|Any CPU.ActiveCfg = Release|Any CPU
		{0167E303-F12A-AA14-E58F-587E118A941E}.Release|Any CPU.Build.0 = Release|Any CPU
		{6D28DFDC-2C9A-2A42-27FE-516C4BF6A935}.Debug|Any CPU.ActiveCfg = Debug|Any CPU
		{6D28DFDC-2C9A-2A42-27FE-516C4BF6A935}.Debug|Any CPU.Build.0 = Debug|Any CPU
		{6D28DFDC-2C9A-2A42-27FE-516C4BF6A935}.Release|Any CPU.ActiveCfg = Release|Any CPU
		{6D28DFDC-2C9A-2A42-27FE-516C4BF6A935}.Release|Any CPU.Build.0 = Release|Any CPU
		{8B75ECF0-D9ED-D33B-F786-3732A944B078}.Debug|Any CPU.ActiveCfg = Debug|Any CPU
		{8B75ECF0-D9ED-D33B-F786-3732A944B078}.Debug|Any CPU.Build.0 = Debug|Any CPU
		{8B75ECF0-D9ED-D33B-F786-3732A944B078}.Release|Any CPU.ActiveCfg = Release|Any CPU
		{8B75ECF0-D9ED-D33B-F786-3732A944B078}.Release|Any CPU.Build.0 = Release|Any CPU
		{EE42275B-5E12-F303-B38C-B26DCA2D0FDE}.Debug|Any CPU.ActiveCfg = Debug|Any CPU
		{EE42275B-5E12-F303-B38C-B26DCA2D0FDE}.Debug|Any CPU.Build.0 = Debug|Any CPU
		{EE42275B-5E12-F303-B38C-B26DCA2D0FDE}.Release|Any CPU.ActiveCfg = Release|Any CPU
		{EE42275B-5E12-F303-B38C-B26DCA2D0FDE}.Release|Any CPU.Build.0 = Release|Any CPU
		{CFA412F0-F546-D872-8BBC-91FF0D78FDD2}.Debug|Any CPU.ActiveCfg = Debug|Any CPU
		{CFA412F0-F546-D872-8BBC-91FF0D78FDD2}.Debug|Any CPU.Build.0 = Debug|Any CPU
		{CFA412F0-F546-D872-8BBC-91FF0D78FDD2}.Release|Any CPU.ActiveCfg = Release|Any CPU
		{CFA412F0-F546-D872-8BBC-91FF0D78FDD2}.Release|Any CPU.Build.0 = Release|Any CPU
		{93A783EB-7AEA-D3C6-4F15-97EFDB08EA7D}.Debug|Any CPU.ActiveCfg = Debug|Any CPU
		{93A783EB-7AEA-D3C6-4F15-97EFDB08EA7D}.Debug|Any CPU.Build.0 = Debug|Any CPU
		{93A783EB-7AEA-D3C6-4F15-97EFDB08EA7D}.Release|Any CPU.ActiveCfg = Release|Any CPU
		{93A783EB-7AEA-D3C6-4F15-97EFDB08EA7D}.Release|Any CPU.Build.0 = Release|Any CPU
		{925AB81A-B06A-6CF7-9548-F048183BBBA4}.Debug|Any CPU.ActiveCfg = Debug|Any CPU
		{925AB81A-B06A-6CF7-9548-F048183BBBA4}.Debug|Any CPU.Build.0 = Debug|Any CPU
		{925AB81A-B06A-6CF7-9548-F048183BBBA4}.Release|Any CPU.ActiveCfg = Release|Any CPU
		{925AB81A-B06A-6CF7-9548-F048183BBBA4}.Release|Any CPU.Build.0 = Release|Any CPU
		{232B5A85-F304-349D-2B75-AF457B8CDD91}.Debug|Any CPU.ActiveCfg = Debug|Any CPU
		{232B5A85-F304-349D-2B75-AF457B8CDD91}.Debug|Any CPU.Build.0 = Debug|Any CPU
		{232B5A85-F304-349D-2B75-AF457B8CDD91}.Release|Any CPU.ActiveCfg = Release|Any CPU
		{232B5A85-F304-349D-2B75-AF457B8CDD91}.Release|Any CPU.Build.0 = Release|Any CPU
		{0FD69615-B62D-A527-4297-8B764B5783CD}.Debug|Any CPU.ActiveCfg = Debug|Any CPU
		{0FD69615-B62D-A527-4297-8B764B5783CD}.Debug|Any CPU.Build.0 = Debug|Any CPU
		{0FD69615-B62D-A527-4297-8B764B5783CD}.Release|Any CPU.ActiveCfg = Release|Any CPU
		{0FD69615-B62D-A527-4297-8B764B5783CD}.Release|Any CPU.Build.0 = Release|Any CPU
		{1E562CDA-B9AF-769F-7FF6-D7DD967FF809}.Debug|Any CPU.ActiveCfg = Debug|Any CPU
		{1E562CDA-B9AF-769F-7FF6-D7DD967FF809}.Debug|Any CPU.Build.0 = Debug|Any CPU
		{1E562CDA-B9AF-769F-7FF6-D7DD967FF809}.Release|Any CPU.ActiveCfg = Release|Any CPU
		{1E562CDA-B9AF-769F-7FF6-D7DD967FF809}.Release|Any CPU.Build.0 = Release|Any CPU
		{274BF4CF-3AE4-3D68-BEC9-EB1DDDC8D7AD}.Debug|Any CPU.ActiveCfg = Debug|Any CPU
		{274BF4CF-3AE4-3D68-BEC9-EB1DDDC8D7AD}.Debug|Any CPU.Build.0 = Debug|Any CPU
		{274BF4CF-3AE4-3D68-BEC9-EB1DDDC8D7AD}.Release|Any CPU.ActiveCfg = Release|Any CPU
		{274BF4CF-3AE4-3D68-BEC9-EB1DDDC8D7AD}.Release|Any CPU.Build.0 = Release|Any CPU
		{81F771A3-957C-5C6C-43F6-E842096519A9}.Debug|Any CPU.ActiveCfg = Debug|Any CPU
		{81F771A3-957C-5C6C-43F6-E842096519A9}.Debug|Any CPU.Build.0 = Debug|Any CPU
		{81F771A3-957C-5C6C-43F6-E842096519A9}.Release|Any CPU.ActiveCfg = Release|Any CPU
		{81F771A3-957C-5C6C-43F6-E842096519A9}.Release|Any CPU.Build.0 = Release|Any CPU
		{984CFDB3-1B9C-BFB5-264A-F8BFD6CFAB6C}.Debug|Any CPU.ActiveCfg = Debug|Any CPU
		{984CFDB3-1B9C-BFB5-264A-F8BFD6CFAB6C}.Debug|Any CPU.Build.0 = Debug|Any CPU
		{984CFDB3-1B9C-BFB5-264A-F8BFD6CFAB6C}.Release|Any CPU.ActiveCfg = Release|Any CPU
		{984CFDB3-1B9C-BFB5-264A-F8BFD6CFAB6C}.Release|Any CPU.Build.0 = Release|Any CPU
		{4ECE5F8B-6756-6116-F254-3127667979FD}.Debug|Any CPU.ActiveCfg = Debug|Any CPU
		{4ECE5F8B-6756-6116-F254-3127667979FD}.Debug|Any CPU.Build.0 = Debug|Any CPU
		{4ECE5F8B-6756-6116-F254-3127667979FD}.Release|Any CPU.ActiveCfg = Release|Any CPU
		{4ECE5F8B-6756-6116-F254-3127667979FD}.Release|Any CPU.Build.0 = Release|Any CPU
		{5771F620-3448-32E3-6B69-DB2E19C6D360}.Debug|Any CPU.ActiveCfg = Debug|Any CPU
		{5771F620-3448-32E3-6B69-DB2E19C6D360}.Debug|Any CPU.Build.0 = Debug|Any CPU
		{5771F620-3448-32E3-6B69-DB2E19C6D360}.Release|Any CPU.ActiveCfg = Release|Any CPU
		{5771F620-3448-32E3-6B69-DB2E19C6D360}.Release|Any CPU.Build.0 = Release|Any CPU
		{F244AE92-CD21-A3B9-2D97-3643E40CEFBF}.Debug|Any CPU.ActiveCfg = Debug|Any CPU
		{F244AE92-CD21-A3B9-2D97-3643E40CEFBF}.Debug|Any CPU.Build.0 = Debug|Any CPU
		{F244AE92-CD21-A3B9-2D97-3643E40CEFBF}.Release|Any CPU.ActiveCfg = Release|Any CPU
		{F244AE92-CD21-A3B9-2D97-3643E40CEFBF}.Release|Any CPU.Build.0 = Release|Any CPU
		{CD2E6344-17BB-CEB9-805C-723CDF1CF2CD}.Debug|Any CPU.ActiveCfg = Debug|Any CPU
		{CD2E6344-17BB-CEB9-805C-723CDF1CF2CD}.Debug|Any CPU.Build.0 = Debug|Any CPU
		{CD2E6344-17BB-CEB9-805C-723CDF1CF2CD}.Release|Any CPU.ActiveCfg = Release|Any CPU
		{CD2E6344-17BB-CEB9-805C-723CDF1CF2CD}.Release|Any CPU.Build.0 = Release|Any CPU
		{7ECB36A1-FCC3-261A-6980-A5242C4F4A84}.Debug|Any CPU.ActiveCfg = Debug|Any CPU
		{7ECB36A1-FCC3-261A-6980-A5242C4F4A84}.Debug|Any CPU.Build.0 = Debug|Any CPU
		{7ECB36A1-FCC3-261A-6980-A5242C4F4A84}.Release|Any CPU.ActiveCfg = Release|Any CPU
		{7ECB36A1-FCC3-261A-6980-A5242C4F4A84}.Release|Any CPU.Build.0 = Release|Any CPU
		{B3E929E1-2C9D-E3E0-360D-0C0326DBABBF}.Debug|Any CPU.ActiveCfg = Debug|Any CPU
		{B3E929E1-2C9D-E3E0-360D-0C0326DBABBF}.Debug|Any CPU.Build.0 = Debug|Any CPU
		{B3E929E1-2C9D-E3E0-360D-0C0326DBABBF}.Release|Any CPU.ActiveCfg = Release|Any CPU
		{B3E929E1-2C9D-E3E0-360D-0C0326DBABBF}.Release|Any CPU.Build.0 = Release|Any CPU
		{298E6F90-3839-1B07-420D-79A1BE19BBBA}.Debug|Any CPU.ActiveCfg = Debug|Any CPU
		{298E6F90-3839-1B07-420D-79A1BE19BBBA}.Debug|Any CPU.Build.0 = Debug|Any CPU
		{298E6F90-3839-1B07-420D-79A1BE19BBBA}.Release|Any CPU.ActiveCfg = Release|Any CPU
		{298E6F90-3839-1B07-420D-79A1BE19BBBA}.Release|Any CPU.Build.0 = Release|Any CPU
		{EC9E4310-14F9-2981-42BB-550C20E6B130}.Debug|Any CPU.ActiveCfg = Debug|Any CPU
		{EC9E4310-14F9-2981-42BB-550C20E6B130}.Debug|Any CPU.Build.0 = Debug|Any CPU
		{EC9E4310-14F9-2981-42BB-550C20E6B130}.Release|Any CPU.ActiveCfg = Release|Any CPU
		{EC9E4310-14F9-2981-42BB-550C20E6B130}.Release|Any CPU.Build.0 = Release|Any CPU
		{BD89A019-B709-3A40-6F17-F6AB20D434EE}.Debug|Any CPU.ActiveCfg = Debug|Any CPU
		{BD89A019-B709-3A40-6F17-F6AB20D434EE}.Debug|Any CPU.Build.0 = Debug|Any CPU
		{BD89A019-B709-3A40-6F17-F6AB20D434EE}.Release|Any CPU.ActiveCfg = Release|Any CPU
		{BD89A019-B709-3A40-6F17-F6AB20D434EE}.Release|Any CPU.Build.0 = Release|Any CPU
		{1AC06B43-C8B7-1A13-B162-11A4A02AD5DB}.Debug|Any CPU.ActiveCfg = Debug|Any CPU
		{1AC06B43-C8B7-1A13-B162-11A4A02AD5DB}.Debug|Any CPU.Build.0 = Debug|Any CPU
		{1AC06B43-C8B7-1A13-B162-11A4A02AD5DB}.Release|Any CPU.ActiveCfg = Release|Any CPU
		{1AC06B43-C8B7-1A13-B162-11A4A02AD5DB}.Release|Any CPU.Build.0 = Release|Any CPU
		{61A0BE7A-8BA3-A588-442B-B4FFB7F75611}.Debug|Any CPU.ActiveCfg = Debug|Any CPU
		{61A0BE7A-8BA3-A588-442B-B4FFB7F75611}.Debug|Any CPU.Build.0 = Debug|Any CPU
		{61A0BE7A-8BA3-A588-442B-B4FFB7F75611}.Release|Any CPU.ActiveCfg = Release|Any CPU
		{61A0BE7A-8BA3-A588-442B-B4FFB7F75611}.Release|Any CPU.Build.0 = Release|Any CPU
		{915B7884-EC8B-FCEB-CF98-3AE0D7D8D7B6}.Debug|Any CPU.ActiveCfg = Debug|Any CPU
		{915B7884-EC8B-FCEB-CF98-3AE0D7D8D7B6}.Debug|Any CPU.Build.0 = Debug|Any CPU
		{915B7884-EC8B-FCEB-CF98-3AE0D7D8D7B6}.Release|Any CPU.ActiveCfg = Release|Any CPU
		{915B7884-EC8B-FCEB-CF98-3AE0D7D8D7B6}.Release|Any CPU.Build.0 = Release|Any CPU
		{B92F81C0-4AE7-ECD3-E074-3D508DE26572}.Debug|Any CPU.ActiveCfg = Debug|Any CPU
		{B92F81C0-4AE7-ECD3-E074-3D508DE26572}.Debug|Any CPU.Build.0 = Debug|Any CPU
		{B92F81C0-4AE7-ECD3-E074-3D508DE26572}.Release|Any CPU.ActiveCfg = Release|Any CPU
		{B92F81C0-4AE7-ECD3-E074-3D508DE26572}.Release|Any CPU.Build.0 = Release|Any CPU
		{AC7323EE-DD88-ABB8-E1BF-37A54716F361}.Debug|Any CPU.ActiveCfg = Debug|Any CPU
		{AC7323EE-DD88-ABB8-E1BF-37A54716F361}.Debug|Any CPU.Build.0 = Debug|Any CPU
		{AC7323EE-DD88-ABB8-E1BF-37A54716F361}.Release|Any CPU.ActiveCfg = Release|Any CPU
		{AC7323EE-DD88-ABB8-E1BF-37A54716F361}.Release|Any CPU.Build.0 = Release|Any CPU
		{0CB9BB78-3805-FB1E-551D-CEF0DCCD4B04}.Debug|Any CPU.ActiveCfg = Debug|Any CPU
		{0CB9BB78-3805-FB1E-551D-CEF0DCCD4B04}.Debug|Any CPU.Build.0 = Debug|Any CPU
		{0CB9BB78-3805-FB1E-551D-CEF0DCCD4B04}.Release|Any CPU.ActiveCfg = Release|Any CPU
		{0CB9BB78-3805-FB1E-551D-CEF0DCCD4B04}.Release|Any CPU.Build.0 = Release|Any CPU
		{998B67E8-2A6F-ACFD-8255-EE799FDFDAF3}.Debug|Any CPU.ActiveCfg = Debug|Any CPU
		{998B67E8-2A6F-ACFD-8255-EE799FDFDAF3}.Debug|Any CPU.Build.0 = Debug|Any CPU
		{998B67E8-2A6F-ACFD-8255-EE799FDFDAF3}.Release|Any CPU.ActiveCfg = Release|Any CPU
		{998B67E8-2A6F-ACFD-8255-EE799FDFDAF3}.Release|Any CPU.Build.0 = Release|Any CPU
		{7B7A12ED-4A94-1273-99AF-235F2260D058}.Debug|Any CPU.ActiveCfg = Debug|Any CPU
		{7B7A12ED-4A94-1273-99AF-235F2260D058}.Debug|Any CPU.Build.0 = Debug|Any CPU
		{7B7A12ED-4A94-1273-99AF-235F2260D058}.Release|Any CPU.ActiveCfg = Release|Any CPU
		{7B7A12ED-4A94-1273-99AF-235F2260D058}.Release|Any CPU.Build.0 = Release|Any CPU
		{9D0FC85E-29F5-D651-D69D-879FA9B0B10E}.Debug|Any CPU.ActiveCfg = Debug|Any CPU
		{9D0FC85E-29F5-D651-D69D-879FA9B0B10E}.Debug|Any CPU.Build.0 = Debug|Any CPU
		{9D0FC85E-29F5-D651-D69D-879FA9B0B10E}.Release|Any CPU.ActiveCfg = Release|Any CPU
		{9D0FC85E-29F5-D651-D69D-879FA9B0B10E}.Release|Any CPU.Build.0 = Release|Any CPU
		{28511691-D44B-DC5F-2E4B-0FA9752AFFFE}.Debug|Any CPU.ActiveCfg = Debug|Any CPU
		{28511691-D44B-DC5F-2E4B-0FA9752AFFFE}.Debug|Any CPU.Build.0 = Debug|Any CPU
		{28511691-D44B-DC5F-2E4B-0FA9752AFFFE}.Release|Any CPU.ActiveCfg = Release|Any CPU
		{28511691-D44B-DC5F-2E4B-0FA9752AFFFE}.Release|Any CPU.Build.0 = Release|Any CPU
		{C1C5A6F9-9C4E-AAFB-BD9B-10FA10175E74}.Debug|Any CPU.ActiveCfg = Debug|Any CPU
		{C1C5A6F9-9C4E-AAFB-BD9B-10FA10175E74}.Debug|Any CPU.Build.0 = Debug|Any CPU
		{C1C5A6F9-9C4E-AAFB-BD9B-10FA10175E74}.Release|Any CPU.ActiveCfg = Release|Any CPU
		{C1C5A6F9-9C4E-AAFB-BD9B-10FA10175E74}.Release|Any CPU.Build.0 = Release|Any CPU
		{F9407BBE-F0DF-5D9A-2F28-EC8932727083}.Debug|Any CPU.ActiveCfg = Debug|Any CPU
		{F9407BBE-F0DF-5D9A-2F28-EC8932727083}.Debug|Any CPU.Build.0 = Debug|Any CPU
		{F9407BBE-F0DF-5D9A-2F28-EC8932727083}.Release|Any CPU.ActiveCfg = Release|Any CPU
		{F9407BBE-F0DF-5D9A-2F28-EC8932727083}.Release|Any CPU.Build.0 = Release|Any CPU
		{7EA20011-2340-8CD2-7EBE-F34C46779CEC}.Debug|Any CPU.ActiveCfg = Debug|Any CPU
		{7EA20011-2340-8CD2-7EBE-F34C46779CEC}.Debug|Any CPU.Build.0 = Debug|Any CPU
		{7EA20011-2340-8CD2-7EBE-F34C46779CEC}.Release|Any CPU.ActiveCfg = Release|Any CPU
		{7EA20011-2340-8CD2-7EBE-F34C46779CEC}.Release|Any CPU.Build.0 = Release|Any CPU
		{A717FFE0-CCB5-BF3C-F255-27A0A060559A}.Debug|Any CPU.ActiveCfg = Debug|Any CPU
		{A717FFE0-CCB5-BF3C-F255-27A0A060559A}.Debug|Any CPU.Build.0 = Debug|Any CPU
		{A717FFE0-CCB5-BF3C-F255-27A0A060559A}.Release|Any CPU.ActiveCfg = Release|Any CPU
		{A717FFE0-CCB5-BF3C-F255-27A0A060559A}.Release|Any CPU.Build.0 = Release|Any CPU
		{7A77231E-36B4-7B41-74BF-96E59BF5D913}.Debug|Any CPU.ActiveCfg = Debug|Any CPU
		{7A77231E-36B4-7B41-74BF-96E59BF5D913}.Debug|Any CPU.Build.0 = Debug|Any CPU
		{7A77231E-36B4-7B41-74BF-96E59BF5D913}.Release|Any CPU.ActiveCfg = Release|Any CPU
		{7A77231E-36B4-7B41-74BF-96E59BF5D913}.Release|Any CPU.Build.0 = Release|Any CPU
		{786A2127-EAC5-26FE-4981-57D16A75625B}.Debug|Any CPU.ActiveCfg = Debug|Any CPU
		{786A2127-EAC5-26FE-4981-57D16A75625B}.Debug|Any CPU.Build.0 = Debug|Any CPU
		{786A2127-EAC5-26FE-4981-57D16A75625B}.Release|Any CPU.ActiveCfg = Release|Any CPU
		{786A2127-EAC5-26FE-4981-57D16A75625B}.Release|Any CPU.Build.0 = Release|Any CPU
		{38AA06CC-1AD7-5AC4-9697-4FFC64617B09}.Debug|Any CPU.ActiveCfg = Debug|Any CPU
		{38AA06CC-1AD7-5AC4-9697-4FFC64617B09}.Debug|Any CPU.Build.0 = Debug|Any CPU
		{38AA06CC-1AD7-5AC4-9697-4FFC64617B09}.Release|Any CPU.ActiveCfg = Release|Any CPU
		{38AA06CC-1AD7-5AC4-9697-4FFC64617B09}.Release|Any CPU.Build.0 = Release|Any CPU
		{077150FD-7360-12C4-089E-31DFCBB52447}.Debug|Any CPU.ActiveCfg = Debug|Any CPU
		{077150FD-7360-12C4-089E-31DFCBB52447}.Debug|Any CPU.Build.0 = Debug|Any CPU
		{077150FD-7360-12C4-089E-31DFCBB52447}.Release|Any CPU.ActiveCfg = Release|Any CPU
		{077150FD-7360-12C4-089E-31DFCBB52447}.Release|Any CPU.Build.0 = Release|Any CPU
		{6CDDFE0B-5423-ADBE-200A-D3E77D8EC2D3}.Debug|Any CPU.ActiveCfg = Debug|Any CPU
		{6CDDFE0B-5423-ADBE-200A-D3E77D8EC2D3}.Debug|Any CPU.Build.0 = Debug|Any CPU
		{6CDDFE0B-5423-ADBE-200A-D3E77D8EC2D3}.Release|Any CPU.ActiveCfg = Release|Any CPU
		{6CDDFE0B-5423-ADBE-200A-D3E77D8EC2D3}.Release|Any CPU.Build.0 = Release|Any CPU
		{63D0CAF9-5E76-8B8F-0881-6E00AEEE09DE}.Debug|Any CPU.ActiveCfg = Debug|Any CPU
		{63D0CAF9-5E76-8B8F-0881-6E00AEEE09DE}.Debug|Any CPU.Build.0 = Debug|Any CPU
		{63D0CAF9-5E76-8B8F-0881-6E00AEEE09DE}.Release|Any CPU.ActiveCfg = Release|Any CPU
		{63D0CAF9-5E76-8B8F-0881-6E00AEEE09DE}.Release|Any CPU.Build.0 = Release|Any CPU
		{6AC3D35D-A514-9229-7777-3A7D3CDB26F1}.Debug|Any CPU.ActiveCfg = Debug|Any CPU
		{6AC3D35D-A514-9229-7777-3A7D3CDB26F1}.Debug|Any CPU.Build.0 = Debug|Any CPU
		{6AC3D35D-A514-9229-7777-3A7D3CDB26F1}.Release|Any CPU.ActiveCfg = Release|Any CPU
		{6AC3D35D-A514-9229-7777-3A7D3CDB26F1}.Release|Any CPU.Build.0 = Release|Any CPU
	EndGlobalSection
	GlobalSection(SolutionProperties) = preSolution
		HideSolutionNode = FALSE
	EndGlobalSection
EndGlobal
